
Microsoft Visual Studio Solution File, Format Version 12.00
# Visual Studio 14
VisualStudioVersion = 14.0.25123.0
MinimumVisualStudioVersion = 10.0.40219.1
Project("{2150E333-8FDC-42A3-9474-1A3956D46DE8}") = "车辆屏", "车辆屏", "{D09B2A82-272D-40BF-BB49-24366294FAC7}"
EndProject
Project("{2150E333-8FDC-42A3-9474-1A3956D46DE8}") = "信号屏", "信号屏", "{20EEF645-29BC-4493-8AA2-7FBBEF879AFB}"
EndProject
Project("{2150E333-8FDC-42A3-9474-1A3956D46DE8}") = "气表屏", "气表屏", "{3BA0F4DF-E88F-484D-8D1D-A06A8EE9D608}"
EndProject
Project("{FAE04EC0-301F-11D3-BF4B-00C04F79EFBC}") = "Urban.NanJing.AirportLine.DDU", "Src\Urban.NanJing.AirportLine.车辆屏\Urban.NanJing.AirportLine.DDU.csproj", "{65C872E9-661E-4378-9959-4E633CD06D88}"
EndProject
Project("{FAE04EC0-301F-11D3-BF4B-00C04F79EFBC}") = "Urban.NanJing.AirportLine.DialScreen", "Src\气表盘\Urban.NanJing.AirportLine.DialScreen.csproj", "{C76EEF67-E6C6-4A54-B25F-1BDE628330AB}"
EndProject
Project("{FAE04EC0-301F-11D3-BF4B-00C04F79EFBC}") = "Urban.NanJing.AirportLine.ATC.Casco", "Src\Urban.NanJing.AirportLine.信号屏\Urban.NanJing.AirportLine.ATC.Casco.csproj", "{B0088A00-467C-4D33-90B1-FF0CA8971BBC}"
EndProject
Global
	GlobalSection(SolutionConfigurationPlatforms) = preSolution
		Debug|Any CPU = Debug|Any CPU
		Debug|x86 = Debug|x86
		Release|Any CPU = Release|Any CPU
		Release|x86 = Release|x86
	EndGlobalSection
	GlobalSection(ProjectConfigurationPlatforms) = postSolution
		{65C872E9-661E-4378-9959-4E633CD06D88}.Debug|Any CPU.ActiveCfg = Debug|Any CPU
		{65C872E9-661E-4378-9959-4E633CD06D88}.Debug|Any CPU.Build.0 = Debug|Any CPU
		{65C872E9-661E-4378-9959-4E633CD06D88}.Debug|x86.ActiveCfg = Debug|x86
		{65C872E9-661E-4378-9959-4E633CD06D88}.Debug|x86.Build.0 = Debug|x86
		{65C872E9-661E-4378-9959-4E633CD06D88}.Release|Any CPU.ActiveCfg = Release|Any CPU
		{65C872E9-661E-4378-9959-4E633CD06D88}.Release|Any CPU.Build.0 = Release|Any CPU
		{65C872E9-661E-4378-9959-4E633CD06D88}.Release|x86.ActiveCfg = Release|x86
		{65C872E9-661E-4378-9959-4E633CD06D88}.Release|x86.Build.0 = Release|x86
		{C76EEF67-E6C6-4A54-B25F-1BDE628330AB}.Debug|Any CPU.ActiveCfg = Debug|Any CPU
		{C76EEF67-E6C6-4A54-B25F-1BDE628330AB}.Debug|Any CPU.Build.0 = Debug|Any CPU
		{C76EEF67-E6C6-4A54-B25F-1BDE628330AB}.Debug|x86.ActiveCfg = Debug|x86
		{C76EEF67-E6C6-4A54-B25F-1BDE628330AB}.Debug|x86.Build.0 = Debug|x86
		{C76EEF67-E6C6-4A54-B25F-1BDE628330AB}.Release|Any CPU.ActiveCfg = Release|Any CPU
		{C76EEF67-E6C6-4A54-B25F-1BDE628330AB}.Release|Any CPU.Build.0 = Release|Any CPU
		{C76EEF67-E6C6-4A54-B25F-1BDE628330AB}.Release|x86.ActiveCfg = Release|x86
		{C76EEF67-E6C6-4A54-B25F-1BDE628330AB}.Release|x86.Build.0 = Release|x86
		{B0088A00-467C-4D33-90B1-FF0CA8971BBC}.Debug|Any CPU.ActiveCfg = Debug|Any CPU
		{B0088A00-467C-4D33-90B1-FF0CA8971BBC}.Debug|Any CPU.Build.0 = Debug|Any CPU
		{B0088A00-467C-4D33-90B1-FF0CA8971BBC}.Debug|x86.ActiveCfg = Debug|x86
		{B0088A00-467C-4D33-90B1-FF0CA8971BBC}.Debug|x86.Build.0 = Debug|x86
		{B0088A00-467C-4D33-90B1-FF0CA8971BBC}.Release|Any CPU.ActiveCfg = Release|Any CPU
		{B0088A00-467C-4D33-90B1-FF0CA8971BBC}.Release|Any CPU.Build.0 = Release|Any CPU
		{B0088A00-467C-4D33-90B1-FF0CA8971BBC}.Release|x86.ActiveCfg = Release|x86
		{B0088A00-467C-4D33-90B1-FF0CA8971BBC}.Release|x86.Build.0 = Release|x86
	EndGlobalSection
	GlobalSection(SolutionProperties) = preSolution
		HideSolutionNode = FALSE
	EndGlobalSection
	GlobalSection(NestedProjects) = preSolution
		{65C872E9-661E-4378-9959-4E633CD06D88} = {D09B2A82-272D-40BF-BB49-24366294FAC7}
		{C76EEF67-E6C6-4A54-B25F-1BDE628330AB} = {3BA0F4DF-E88F-484D-8D1D-A06A8EE9D608}
		{B0088A00-467C-4D33-90B1-FF0CA8971BBC} = {20EEF645-29BC-4493-8AA2-7FBBEF879AFB}
	EndGlobalSection
EndGlobal
