
Microsoft Visual Studio Solution File, Format Version 12.00
# Visual Studio 15
VisualStudioVersion = 15.0.26403.7
MinimumVisualStudioVersion = 10.0.40219.1
Project("{2150E333-8FDC-42A3-9474-1A3956D46DE8}") = "CBTCS", "CBTCS", "{E657B7A7-A1EB-4A84-BA50-0CA0909AFC0B}"
EndProject
Project("{2150E333-8FDC-42A3-9474-1A3956D46DE8}") = "Infrastructure", "Infrastructure", "{519108D8-8760-4747-8370-02B5EEF88A68}"
EndProject
Project("{2150E333-8FDC-42A3-9474-1A3956D46DE8}") = "DataAdapter", "DataAdapter", "{32DDEE9A-C579-4AA4-A5A7-0FDAB521ED1D}"
EndProject
Project("{FAE04EC0-301F-11D3-BF4B-00C04F79EFBC}") = "CBTC.DataAdapter", "Src\DataAdapter\CBTC.DataAdapter\CBTC.DataAdapter.csproj", "{A87F9F3A-F23B-485B-99CD-AA1C84D2C674}"
EndProject
Project("{FAE04EC0-301F-11D3-BF4B-00C04F79EFBC}") = "CBTC.Infrasturcture", "Src\Infrastructure\CBTC.Infrasturcture\CBTC.Infrasturcture.csproj", "{B023EFEE-27A1-4C14-949E-109C3865FB3B}"
EndProject
Project("{FAE04EC0-301F-11D3-BF4B-00C04F79EFBC}") = "Subway.CBTC.BeiJiaoKong", "Src\CBTCS\Subway.CBTC.BeiJiaoKong\Subway.CBTC.BeiJiaoKong.csproj", "{DAAA17C9-1204-4161-A9E8-C3FC2E53D1BD}"
EndProject
Project("{FAE04EC0-301F-11D3-BF4B-00C04F79EFBC}") = "Subway.CBTC.QuanLuTong", "Src\CBTCS\Subway.CBTC.QuanLuTong\Subway.CBTC.QuanLuTong.csproj", "{CAE17752-3CC6-4DE4-AD0D-CF73E561B1D2}"
EndProject
Project("{FAE04EC0-301F-11D3-BF4B-00C04F79EFBC}") = "Subway.CBTC.THALES", "Src\CBTCS\Subway.CBTC.THALES\Subway.CBTC.THALES.csproj", "{70505850-037E-4DC4-A763-9B598519D4ED}"
EndProject
Project("{FAE04EC0-301F-11D3-BF4B-00C04F79EFBC}") = "Subway.CBTC.Casco", "Src\CBTCS\Subway.CBTC.Casco\Subway.CBTC.Casco.csproj", "{5F30B377-16CA-4F11-A4BC-A1427BB0BBCF}"
EndProject
Global
	GlobalSection(SolutionConfigurationPlatforms) = preSolution
		Debug|Any CPU = Debug|Any CPU
		Debug|x86 = Debug|x86
		Release|Any CPU = Release|Any CPU
		Release|x86 = Release|x86
	EndGlobalSection
	GlobalSection(ProjectConfigurationPlatforms) = postSolution
		{A87F9F3A-F23B-485B-99CD-AA1C84D2C674}.Debug|Any CPU.ActiveCfg = Debug|Any CPU
		{A87F9F3A-F23B-485B-99CD-AA1C84D2C674}.Debug|Any CPU.Build.0 = Debug|Any CPU
		{A87F9F3A-F23B-485B-99CD-AA1C84D2C674}.Debug|x86.ActiveCfg = Debug|x86
		{A87F9F3A-F23B-485B-99CD-AA1C84D2C674}.Debug|x86.Build.0 = Debug|x86
		{A87F9F3A-F23B-485B-99CD-AA1C84D2C674}.Release|Any CPU.ActiveCfg = Release|Any CPU
		{A87F9F3A-F23B-485B-99CD-AA1C84D2C674}.Release|Any CPU.Build.0 = Release|Any CPU
		{A87F9F3A-F23B-485B-99CD-AA1C84D2C674}.Release|x86.ActiveCfg = Release|x86
		{A87F9F3A-F23B-485B-99CD-AA1C84D2C674}.Release|x86.Build.0 = Release|x86
		{B023EFEE-27A1-4C14-949E-109C3865FB3B}.Debug|Any CPU.ActiveCfg = Debug|Any CPU
		{B023EFEE-27A1-4C14-949E-109C3865FB3B}.Debug|Any CPU.Build.0 = Debug|Any CPU
		{B023EFEE-27A1-4C14-949E-109C3865FB3B}.Debug|x86.ActiveCfg = Debug|x86
		{B023EFEE-27A1-4C14-949E-109C3865FB3B}.Debug|x86.Build.0 = Debug|x86
		{B023EFEE-27A1-4C14-949E-109C3865FB3B}.Release|Any CPU.ActiveCfg = Release|Any CPU
		{B023EFEE-27A1-4C14-949E-109C3865FB3B}.Release|Any CPU.Build.0 = Release|Any CPU
		{B023EFEE-27A1-4C14-949E-109C3865FB3B}.Release|x86.ActiveCfg = Release|x86
		{B023EFEE-27A1-4C14-949E-109C3865FB3B}.Release|x86.Build.0 = Release|x86
		{DAAA17C9-1204-4161-A9E8-C3FC2E53D1BD}.Debug|Any CPU.ActiveCfg = Debug|Any CPU
		{DAAA17C9-1204-4161-A9E8-C3FC2E53D1BD}.Debug|Any CPU.Build.0 = Debug|Any CPU
		{DAAA17C9-1204-4161-A9E8-C3FC2E53D1BD}.Debug|x86.ActiveCfg = Debug|x86
		{DAAA17C9-1204-4161-A9E8-C3FC2E53D1BD}.Debug|x86.Build.0 = Debug|x86
		{DAAA17C9-1204-4161-A9E8-C3FC2E53D1BD}.Release|Any CPU.ActiveCfg = Release|Any CPU
		{DAAA17C9-1204-4161-A9E8-C3FC2E53D1BD}.Release|Any CPU.Build.0 = Release|Any CPU
		{DAAA17C9-1204-4161-A9E8-C3FC2E53D1BD}.Release|x86.ActiveCfg = Release|x86
		{DAAA17C9-1204-4161-A9E8-C3FC2E53D1BD}.Release|x86.Build.0 = Release|x86
		{CAE17752-3CC6-4DE4-AD0D-CF73E561B1D2}.Debug|Any CPU.ActiveCfg = Debug|Any CPU
		{CAE17752-3CC6-4DE4-AD0D-CF73E561B1D2}.Debug|Any CPU.Build.0 = Debug|Any CPU
		{CAE17752-3CC6-4DE4-AD0D-CF73E561B1D2}.Debug|x86.ActiveCfg = Debug|x86
		{CAE17752-3CC6-4DE4-AD0D-CF73E561B1D2}.Debug|x86.Build.0 = Debug|x86
		{CAE17752-3CC6-4DE4-AD0D-CF73E561B1D2}.Release|Any CPU.ActiveCfg = Release|Any CPU
		{CAE17752-3CC6-4DE4-AD0D-CF73E561B1D2}.Release|Any CPU.Build.0 = Release|Any CPU
		{CAE17752-3CC6-4DE4-AD0D-CF73E561B1D2}.Release|x86.ActiveCfg = Release|x86
		{CAE17752-3CC6-4DE4-AD0D-CF73E561B1D2}.Release|x86.Build.0 = Release|x86
		{70505850-037E-4DC4-A763-9B598519D4ED}.Debug|Any CPU.ActiveCfg = Debug|Any CPU
		{70505850-037E-4DC4-A763-9B598519D4ED}.Debug|Any CPU.Build.0 = Debug|Any CPU
		{70505850-037E-4DC4-A763-9B598519D4ED}.Debug|x86.ActiveCfg = Debug|x86
		{70505850-037E-4DC4-A763-9B598519D4ED}.Debug|x86.Build.0 = Debug|x86
		{70505850-037E-4DC4-A763-9B598519D4ED}.Release|Any CPU.ActiveCfg = Release|Any CPU
		{70505850-037E-4DC4-A763-9B598519D4ED}.Release|Any CPU.Build.0 = Release|Any CPU
		{70505850-037E-4DC4-A763-9B598519D4ED}.Release|x86.ActiveCfg = Release|x86
		{70505850-037E-4DC4-A763-9B598519D4ED}.Release|x86.Build.0 = Release|x86
		{5F30B377-16CA-4F11-A4BC-A1427BB0BBCF}.Debug|Any CPU.ActiveCfg = Debug|Any CPU
		{5F30B377-16CA-4F11-A4BC-A1427BB0BBCF}.Debug|Any CPU.Build.0 = Debug|Any CPU
		{5F30B377-16CA-4F11-A4BC-A1427BB0BBCF}.Debug|x86.ActiveCfg = Debug|x86
		{5F30B377-16CA-4F11-A4BC-A1427BB0BBCF}.Debug|x86.Build.0 = Debug|x86
		{5F30B377-16CA-4F11-A4BC-A1427BB0BBCF}.Release|Any CPU.ActiveCfg = Release|Any CPU
		{5F30B377-16CA-4F11-A4BC-A1427BB0BBCF}.Release|Any CPU.Build.0 = Release|Any CPU
		{5F30B377-16CA-4F11-A4BC-A1427BB0BBCF}.Release|x86.ActiveCfg = Release|x86
		{5F30B377-16CA-4F11-A4BC-A1427BB0BBCF}.Release|x86.Build.0 = Release|x86
	EndGlobalSection
	GlobalSection(SolutionProperties) = preSolution
		HideSolutionNode = FALSE
	EndGlobalSection
	GlobalSection(NestedProjects) = preSolution
		{A87F9F3A-F23B-485B-99CD-AA1C84D2C674} = {32DDEE9A-C579-4AA4-A5A7-0FDAB521ED1D}
		{B023EFEE-27A1-4C14-949E-109C3865FB3B} = {519108D8-8760-4747-8370-02B5EEF88A68}
		{DAAA17C9-1204-4161-A9E8-C3FC2E53D1BD} = {E657B7A7-A1EB-4A84-BA50-0CA0909AFC0B}
		{CAE17752-3CC6-4DE4-AD0D-CF73E561B1D2} = {E657B7A7-A1EB-4A84-BA50-0CA0909AFC0B}
		{70505850-037E-4DC4-A763-9B598519D4ED} = {E657B7A7-A1EB-4A84-BA50-0CA0909AFC0B}
		{5F30B377-16CA-4F11-A4BC-A1427BB0BBCF} = {E657B7A7-A1EB-4A84-BA50-0CA0909AFC0B}
	EndGlobalSection
EndGlobal
