
Microsoft Visual Studio Solution File, Format Version 12.00
# Visual Studio 14
VisualStudioVersion = 14.0.25123.0
MinimumVisualStudioVersion = 10.0.40219.1
Project("{FAE04EC0-301F-11D3-BF4B-00C04F79EFBC}") = "Urban.Wuxi.TMS", "Src\Urban.Wuxi.TMS\Urban.Wuxi.TMS.csproj", "{DD836FC8-1F05-4807-853E-DC89441A5AFE}"
EndProject
Project("{FAE04EC0-301F-11D3-BF4B-00C04F79EFBC}") = "Urban.Wuxi.TrainRadio", "Src\Urban.Wuxi.TrainRadio\Urban.Wuxi.TrainRadio.csproj", "{C1251279-C25F-4634-A8AD-06ED946CDEB2}"
EndProject
Global
	GlobalSection(SolutionConfigurationPlatforms) = preSolution
		Debug|x86 = Debug|x86
		Release|x86 = Release|x86
	EndGlobalSection
	GlobalSection(ProjectConfigurationPlatforms) = postSolution
		{DD836FC8-1F05-4807-853E-DC89441A5AFE}.Debug|x86.ActiveCfg = Debug|x86
		{DD836FC8-1F05-4807-853E-DC89441A5AFE}.Debug|x86.Build.0 = Debug|x86
		{DD836FC8-1F05-4807-853E-DC89441A5AFE}.Release|x86.ActiveCfg = Release|x86
		{DD836FC8-1F05-4807-853E-DC89441A5AFE}.Release|x86.Build.0 = Release|x86
		{C1251279-C25F-4634-A8AD-06ED946CDEB2}.Debug|x86.ActiveCfg = Debug|x86
		{C1251279-C25F-4634-A8AD-06ED946CDEB2}.Debug|x86.Build.0 = Debug|x86
		{C1251279-C25F-4634-A8AD-06ED946CDEB2}.Release|x86.ActiveCfg = Release|x86
		{C1251279-C25F-4634-A8AD-06ED946CDEB2}.Release|x86.Build.0 = Release|x86
	EndGlobalSection
	GlobalSection(SolutionProperties) = preSolution
		HideSolutionNode = FALSE
	EndGlobalSection
EndGlobal
