
Microsoft Visual Studio Solution File, Format Version 12.00
# Visual Studio 2013
VisualStudioVersion = 12.0.30501.0
MinimumVisualStudioVersion = 10.0.40219.1
Project("{FAE04EC0-301F-11D3-BF4B-00C04F79EFBC}") = "Motor.HMI.CRH3C380B", "CRH3C380B\Motor.HMI.CRH3C380B.csproj", "{0637BD0E-88D7-4C59-A6F7-4E52B9031101}"
EndProject
Project("{FAE04EC0-301F-11D3-BF4B-00C04F79EFBC}") = "Motor.HMI.CRH3C380B.Test", "Motor.HMI.CRH3C380B.Test\Motor.HMI.CRH3C380B.Test.csproj", "{7BC9EFE1-CB9B-4BD4-AFCE-99C55A391562}"
EndProject
Project("{FAE04EC0-301F-11D3-BF4B-00C04F79EFBC}") = "CommonUtil", "..\..\MMICommon\CommonUtil\CommonUtil.csproj", "{500F1847-2FCE-4781-B4B8-064C79AA1108}"
EndProject
Global
	GlobalSection(SolutionConfigurationPlatforms) = preSolution
		Debug|Any CPU = Debug|Any CPU
		Debug|Mixed Platforms = Debug|Mixed Platforms
		Debug|x86 = Debug|x86
		Release|Any CPU = Release|Any CPU
		Release|Mixed Platforms = Release|Mixed Platforms
		Release|x86 = Release|x86
	EndGlobalSection
	GlobalSection(ProjectConfigurationPlatforms) = postSolution
		{0637BD0E-88D7-4C59-A6F7-4E52B9031101}.Debug|Any CPU.ActiveCfg = Debug|Any CPU
		{0637BD0E-88D7-4C59-A6F7-4E52B9031101}.Debug|Any CPU.Build.0 = Debug|Any CPU
		{0637BD0E-88D7-4C59-A6F7-4E52B9031101}.Debug|Mixed Platforms.ActiveCfg = Debug|x86
		{0637BD0E-88D7-4C59-A6F7-4E52B9031101}.Debug|Mixed Platforms.Build.0 = Debug|x86
		{0637BD0E-88D7-4C59-A6F7-4E52B9031101}.Debug|x86.ActiveCfg = Debug|x86
		{0637BD0E-88D7-4C59-A6F7-4E52B9031101}.Debug|x86.Build.0 = Debug|x86
		{0637BD0E-88D7-4C59-A6F7-4E52B9031101}.Release|Any CPU.ActiveCfg = Release|Any CPU
		{0637BD0E-88D7-4C59-A6F7-4E52B9031101}.Release|Any CPU.Build.0 = Release|Any CPU
		{0637BD0E-88D7-4C59-A6F7-4E52B9031101}.Release|Mixed Platforms.ActiveCfg = Release|x86
		{0637BD0E-88D7-4C59-A6F7-4E52B9031101}.Release|Mixed Platforms.Build.0 = Release|x86
		{0637BD0E-88D7-4C59-A6F7-4E52B9031101}.Release|x86.ActiveCfg = Release|x86
		{0637BD0E-88D7-4C59-A6F7-4E52B9031101}.Release|x86.Build.0 = Release|x86
		{7BC9EFE1-CB9B-4BD4-AFCE-99C55A391562}.Debug|Any CPU.ActiveCfg = Debug|Any CPU
		{7BC9EFE1-CB9B-4BD4-AFCE-99C55A391562}.Debug|Any CPU.Build.0 = Debug|Any CPU
		{7BC9EFE1-CB9B-4BD4-AFCE-99C55A391562}.Debug|Mixed Platforms.ActiveCfg = Debug|Any CPU
		{7BC9EFE1-CB9B-4BD4-AFCE-99C55A391562}.Debug|Mixed Platforms.Build.0 = Debug|Any CPU
		{7BC9EFE1-CB9B-4BD4-AFCE-99C55A391562}.Debug|x86.ActiveCfg = Debug|x86
		{7BC9EFE1-CB9B-4BD4-AFCE-99C55A391562}.Debug|x86.Build.0 = Debug|x86
		{7BC9EFE1-CB9B-4BD4-AFCE-99C55A391562}.Release|Any CPU.ActiveCfg = Release|Any CPU
		{7BC9EFE1-CB9B-4BD4-AFCE-99C55A391562}.Release|Any CPU.Build.0 = Release|Any CPU
		{7BC9EFE1-CB9B-4BD4-AFCE-99C55A391562}.Release|Mixed Platforms.ActiveCfg = Release|Any CPU
		{7BC9EFE1-CB9B-4BD4-AFCE-99C55A391562}.Release|Mixed Platforms.Build.0 = Release|Any CPU
		{7BC9EFE1-CB9B-4BD4-AFCE-99C55A391562}.Release|x86.ActiveCfg = Release|Any CPU
		{500F1847-2FCE-4781-B4B8-064C79AA1108}.Debug|Any CPU.ActiveCfg = Debug|Any CPU
		{500F1847-2FCE-4781-B4B8-064C79AA1108}.Debug|Any CPU.Build.0 = Debug|Any CPU
		{500F1847-2FCE-4781-B4B8-064C79AA1108}.Debug|Mixed Platforms.ActiveCfg = Debug|x86
		{500F1847-2FCE-4781-B4B8-064C79AA1108}.Debug|Mixed Platforms.Build.0 = Debug|x86
		{500F1847-2FCE-4781-B4B8-064C79AA1108}.Debug|x86.ActiveCfg = Debug|x86
		{500F1847-2FCE-4781-B4B8-064C79AA1108}.Debug|x86.Build.0 = Debug|x86
		{500F1847-2FCE-4781-B4B8-064C79AA1108}.Release|Any CPU.ActiveCfg = Release|Any CPU
		{500F1847-2FCE-4781-B4B8-064C79AA1108}.Release|Any CPU.Build.0 = Release|Any CPU
		{500F1847-2FCE-4781-B4B8-064C79AA1108}.Release|Mixed Platforms.ActiveCfg = Release|x86
		{500F1847-2FCE-4781-B4B8-064C79AA1108}.Release|Mixed Platforms.Build.0 = Release|x86
		{500F1847-2FCE-4781-B4B8-064C79AA1108}.Release|x86.ActiveCfg = Release|x86
		{500F1847-2FCE-4781-B4B8-064C79AA1108}.Release|x86.Build.0 = Release|x86
	EndGlobalSection
	GlobalSection(SolutionProperties) = preSolution
		HideSolutionNode = FALSE
	EndGlobalSection
EndGlobal
