
Microsoft Visual Studio Solution File, Format Version 12.00
# Visual Studio 14
VisualStudioVersion = 14.0.25420.1
MinimumVisualStudioVersion = 10.0.40219.1
Project("{FAE04EC0-301F-11D3-BF4B-00C04F79EFBC}") = "Motor.HMI.CRH3C380B", "Src\CRH3C380B\Motor.HMI.CRH3C380B.csproj", "{0637BD0E-88D7-4C59-A6F7-4E52B9031101}"
EndProject
Project("{FAE04EC0-301F-11D3-BF4B-00C04F79EFBC}") = "Motor.HMI.CRH3C380B.Test", "Src\Motor.HMI.CRH3C380B.Test\Motor.HMI.CRH3C380B.Test.csproj", "{7BC9EFE1-CB9B-4BD4-AFCE-99C55A391562}"
EndProject
Global
	GlobalSection(SolutionConfigurationPlatforms) = preSolution
		Debug|x86 = Debug|x86
		Release|x86 = Release|x86
	EndGlobalSection
	GlobalSection(ProjectConfigurationPlatforms) = postSolution
		{0637BD0E-88D7-4C59-A6F7-4E52B9031101}.Debug|x86.ActiveCfg = Debug|x86
		{0637BD0E-88D7-4C59-A6F7-4E52B9031101}.Debug|x86.Build.0 = Debug|x86
		{0637BD0E-88D7-4C59-A6F7-4E52B9031101}.Release|x86.ActiveCfg = Release|x86
		{0637BD0E-88D7-4C59-A6F7-4E52B9031101}.Release|x86.Build.0 = Release|x86
		{7BC9EFE1-CB9B-4BD4-AFCE-99C55A391562}.Debug|x86.ActiveCfg = Debug|x86
		{7BC9EFE1-CB9B-4BD4-AFCE-99C55A391562}.Debug|x86.Build.0 = Debug|x86
		{7BC9EFE1-CB9B-4BD4-AFCE-99C55A391562}.Release|x86.ActiveCfg = Release|x86
		{7BC9EFE1-CB9B-4BD4-AFCE-99C55A391562}.Release|x86.Build.0 = Release|x86
	EndGlobalSection
	GlobalSection(SolutionProperties) = preSolution
		HideSolutionNode = FALSE
	EndGlobalSection
EndGlobal
