
Microsoft Visual Studio Solution File, Format Version 12.00
# Visual Studio 2012
Project("{2150E333-8FDC-42A3-9474-1A3956D46DE8}") = "Desktop", "Desktop", "{427A86D7-6490-4D97-A2F2-DD41F75E1422}"
EndProject
Project("{2150E333-8FDC-42A3-9474-1A3956D46DE8}") = "Application", "Application", "{4F15B6D4-79A4-40D5-9D58-080D0EB6287B}"
EndProject
Project("{2150E333-8FDC-42A3-9474-1A3956D46DE8}") = "3rdToolSrc", "3rdToolSrc", "{14764E12-721F-4F65-AA8B-1AABBA54E2D8}"
EndProject
Project("{FAE04EC0-301F-11D3-BF4B-00C04F79EFBC}") = "MMITool.Common", "Desktop\MMITool.Common\MMITool.Common.csproj", "{63B96D86-D018-4064-A40C-829DF8F8DA66}"
EndProject
Project("{FAE04EC0-301F-11D3-BF4B-00C04F79EFBC}") = "MMITool.Infrastructure", "Desktop\MMITool.Infrastructure\MMITool.Infrastructure.csproj", "{EFCDD6E9-B6B8-4F1F-BAB0-43C6E285BE99}"
EndProject
Project("{FAE04EC0-301F-11D3-BF4B-00C04F79EFBC}") = "MMITool.Platform", "Desktop\MMITool.Platform\MMITool.Platform.csproj", "{E01550C5-60AF-413F-84D9-07BD6B415768}"
EndProject
Project("{FAE04EC0-301F-11D3-BF4B-00C04F79EFBC}") = "MMITool.Resource", "Desktop\MMITool.Resource\MMITool.Resource.csproj", "{AD149E84-DB21-4ACD-AEC1-A2291CE8B63A}"
EndProject
Global
	GlobalSection(SolutionConfigurationPlatforms) = preSolution
		Debug|Any CPU = Debug|Any CPU
		Debug|x86 = Debug|x86
		Release|Any CPU = Release|Any CPU
		Release|x86 = Release|x86
	EndGlobalSection
	GlobalSection(ProjectConfigurationPlatforms) = postSolution
		{63B96D86-D018-4064-A40C-829DF8F8DA66}.Debug|Any CPU.ActiveCfg = Debug|Any CPU
		{63B96D86-D018-4064-A40C-829DF8F8DA66}.Debug|Any CPU.Build.0 = Debug|Any CPU
		{63B96D86-D018-4064-A40C-829DF8F8DA66}.Debug|x86.ActiveCfg = Debug|x86
		{63B96D86-D018-4064-A40C-829DF8F8DA66}.Debug|x86.Build.0 = Debug|x86
		{63B96D86-D018-4064-A40C-829DF8F8DA66}.Release|Any CPU.ActiveCfg = Release|Any CPU
		{63B96D86-D018-4064-A40C-829DF8F8DA66}.Release|Any CPU.Build.0 = Release|Any CPU
		{63B96D86-D018-4064-A40C-829DF8F8DA66}.Release|x86.ActiveCfg = Release|x86
		{63B96D86-D018-4064-A40C-829DF8F8DA66}.Release|x86.Build.0 = Release|x86
		{EFCDD6E9-B6B8-4F1F-BAB0-43C6E285BE99}.Debug|Any CPU.ActiveCfg = Debug|Any CPU
		{EFCDD6E9-B6B8-4F1F-BAB0-43C6E285BE99}.Debug|Any CPU.Build.0 = Debug|Any CPU
		{EFCDD6E9-B6B8-4F1F-BAB0-43C6E285BE99}.Debug|x86.ActiveCfg = Debug|x86
		{EFCDD6E9-B6B8-4F1F-BAB0-43C6E285BE99}.Debug|x86.Build.0 = Debug|x86
		{EFCDD6E9-B6B8-4F1F-BAB0-43C6E285BE99}.Release|Any CPU.ActiveCfg = Release|Any CPU
		{EFCDD6E9-B6B8-4F1F-BAB0-43C6E285BE99}.Release|Any CPU.Build.0 = Release|Any CPU
		{EFCDD6E9-B6B8-4F1F-BAB0-43C6E285BE99}.Release|x86.ActiveCfg = Release|x86
		{EFCDD6E9-B6B8-4F1F-BAB0-43C6E285BE99}.Release|x86.Build.0 = Release|x86
		{E01550C5-60AF-413F-84D9-07BD6B415768}.Debug|Any CPU.ActiveCfg = Debug|Any CPU
		{E01550C5-60AF-413F-84D9-07BD6B415768}.Debug|Any CPU.Build.0 = Debug|Any CPU
		{E01550C5-60AF-413F-84D9-07BD6B415768}.Debug|x86.ActiveCfg = Debug|x86
		{E01550C5-60AF-413F-84D9-07BD6B415768}.Debug|x86.Build.0 = Debug|x86
		{E01550C5-60AF-413F-84D9-07BD6B415768}.Release|Any CPU.ActiveCfg = Release|Any CPU
		{E01550C5-60AF-413F-84D9-07BD6B415768}.Release|Any CPU.Build.0 = Release|Any CPU
		{E01550C5-60AF-413F-84D9-07BD6B415768}.Release|x86.ActiveCfg = Release|x86
		{E01550C5-60AF-413F-84D9-07BD6B415768}.Release|x86.Build.0 = Release|x86
		{AD149E84-DB21-4ACD-AEC1-A2291CE8B63A}.Debug|Any CPU.ActiveCfg = Debug|Any CPU
		{AD149E84-DB21-4ACD-AEC1-A2291CE8B63A}.Debug|Any CPU.Build.0 = Debug|Any CPU
		{AD149E84-DB21-4ACD-AEC1-A2291CE8B63A}.Debug|x86.ActiveCfg = Debug|x86
		{AD149E84-DB21-4ACD-AEC1-A2291CE8B63A}.Debug|x86.Build.0 = Debug|x86
		{AD149E84-DB21-4ACD-AEC1-A2291CE8B63A}.Release|Any CPU.ActiveCfg = Release|Any CPU
		{AD149E84-DB21-4ACD-AEC1-A2291CE8B63A}.Release|Any CPU.Build.0 = Release|Any CPU
		{AD149E84-DB21-4ACD-AEC1-A2291CE8B63A}.Release|x86.ActiveCfg = Release|x86
		{AD149E84-DB21-4ACD-AEC1-A2291CE8B63A}.Release|x86.Build.0 = Release|x86
	EndGlobalSection
	GlobalSection(SolutionProperties) = preSolution
		HideSolutionNode = FALSE
	EndGlobalSection
	GlobalSection(NestedProjects) = preSolution
		{4F15B6D4-79A4-40D5-9D58-080D0EB6287B} = {427A86D7-6490-4D97-A2F2-DD41F75E1422}
		{14764E12-721F-4F65-AA8B-1AABBA54E2D8} = {427A86D7-6490-4D97-A2F2-DD41F75E1422}
		{63B96D86-D018-4064-A40C-829DF8F8DA66} = {427A86D7-6490-4D97-A2F2-DD41F75E1422}
		{EFCDD6E9-B6B8-4F1F-BAB0-43C6E285BE99} = {427A86D7-6490-4D97-A2F2-DD41F75E1422}
		{E01550C5-60AF-413F-84D9-07BD6B415768} = {427A86D7-6490-4D97-A2F2-DD41F75E1422}
		{AD149E84-DB21-4ACD-AEC1-A2291CE8B63A} = {427A86D7-6490-4D97-A2F2-DD41F75E1422}
	EndGlobalSection
EndGlobal
