
Microsoft Visual Studio Solution File, Format Version 12.00
# Visual Studio 2013
VisualStudioVersion = 12.0.30501.0
MinimumVisualStudioVersion = 10.0.40219.1
Project("{FAE04EC0-301F-11D3-BF4B-00C04F79EFBC}") = "Urban.QingDao3Line.车辆屏", "Urban.QinDao3Line.车辆屏\Urban.QingDao3Line.车辆屏.csproj", "{6CC813BA-AB3E-4F3D-8F4D-8ED0831ADF12}"
EndProject
Project("{FAE04EC0-301F-11D3-BF4B-00C04F79EFBC}") = "Urban.QingDao3Line.车辆屏.Resource.EN", "Urban.QingDao3Line.车辆屏.Resource.EN\Urban.QingDao3Line.车辆屏.Resource.EN.csproj", "{B5AC5DF9-E938-45DE-A2E9-AD28DE058218}"
EndProject
Project("{FAE04EC0-301F-11D3-BF4B-00C04F79EFBC}") = "Urban.QingDao3Line.车辆屏.Resource.CH", "Urban.QingDao3Line.车辆屏.Resource.CH\Urban.QingDao3Line.车辆屏.Resource.CH.csproj", "{0A8AB53B-8A83-451E-BC02-775098AE4A4D}"
EndProject
Project("{FAE04EC0-301F-11D3-BF4B-00C04F79EFBC}") = "Urban.QingDao3Line.车辆屏.Resource.Facade", "Urban.QingDao3Line.车辆屏.Resource.Facade\Urban.QingDao3Line.车辆屏.Resource.Facade.csproj", "{4A941B94-BD1E-429D-8218-E6343D86FF09}"
EndProject
Project("{FAE04EC0-301F-11D3-BF4B-00C04F79EFBC}") = "Uraban.QingDao.VT", "Uraban.QingDao.VT\Uraban.QingDao.VT.csproj", "{A1AEA68B-5A4A-47C0-ADB8-7DFC534F23AA}"
EndProject
Global
	GlobalSection(SolutionConfigurationPlatforms) = preSolution
		Debug|Any CPU = Debug|Any CPU
		Debug|Mixed Platforms = Debug|Mixed Platforms
		Debug|x86 = Debug|x86
		Release|Any CPU = Release|Any CPU
		Release|Mixed Platforms = Release|Mixed Platforms
		Release|x86 = Release|x86
	EndGlobalSection
	GlobalSection(ProjectConfigurationPlatforms) = postSolution
		{6CC813BA-AB3E-4F3D-8F4D-8ED0831ADF12}.Debug|Any CPU.ActiveCfg = Debug|Any CPU
		{6CC813BA-AB3E-4F3D-8F4D-8ED0831ADF12}.Debug|Any CPU.Build.0 = Debug|Any CPU
		{6CC813BA-AB3E-4F3D-8F4D-8ED0831ADF12}.Debug|Mixed Platforms.ActiveCfg = Debug|x86
		{6CC813BA-AB3E-4F3D-8F4D-8ED0831ADF12}.Debug|Mixed Platforms.Build.0 = Debug|x86
		{6CC813BA-AB3E-4F3D-8F4D-8ED0831ADF12}.Debug|x86.ActiveCfg = Debug|x86
		{6CC813BA-AB3E-4F3D-8F4D-8ED0831ADF12}.Debug|x86.Build.0 = Debug|x86
		{6CC813BA-AB3E-4F3D-8F4D-8ED0831ADF12}.Release|Any CPU.ActiveCfg = Release|Any CPU
		{6CC813BA-AB3E-4F3D-8F4D-8ED0831ADF12}.Release|Any CPU.Build.0 = Release|Any CPU
		{6CC813BA-AB3E-4F3D-8F4D-8ED0831ADF12}.Release|Mixed Platforms.ActiveCfg = Release|x86
		{6CC813BA-AB3E-4F3D-8F4D-8ED0831ADF12}.Release|Mixed Platforms.Build.0 = Release|x86
		{6CC813BA-AB3E-4F3D-8F4D-8ED0831ADF12}.Release|x86.ActiveCfg = Release|x86
		{6CC813BA-AB3E-4F3D-8F4D-8ED0831ADF12}.Release|x86.Build.0 = Release|x86
		{B5AC5DF9-E938-45DE-A2E9-AD28DE058218}.Debug|Any CPU.ActiveCfg = Debug|Any CPU
		{B5AC5DF9-E938-45DE-A2E9-AD28DE058218}.Debug|Any CPU.Build.0 = Debug|Any CPU
		{B5AC5DF9-E938-45DE-A2E9-AD28DE058218}.Debug|Mixed Platforms.ActiveCfg = Debug|x86
		{B5AC5DF9-E938-45DE-A2E9-AD28DE058218}.Debug|Mixed Platforms.Build.0 = Debug|x86
		{B5AC5DF9-E938-45DE-A2E9-AD28DE058218}.Debug|x86.ActiveCfg = Debug|x86
		{B5AC5DF9-E938-45DE-A2E9-AD28DE058218}.Debug|x86.Build.0 = Debug|x86
		{B5AC5DF9-E938-45DE-A2E9-AD28DE058218}.Release|Any CPU.ActiveCfg = Release|Any CPU
		{B5AC5DF9-E938-45DE-A2E9-AD28DE058218}.Release|Any CPU.Build.0 = Release|Any CPU
		{B5AC5DF9-E938-45DE-A2E9-AD28DE058218}.Release|Mixed Platforms.ActiveCfg = Release|x86
		{B5AC5DF9-E938-45DE-A2E9-AD28DE058218}.Release|Mixed Platforms.Build.0 = Release|x86
		{B5AC5DF9-E938-45DE-A2E9-AD28DE058218}.Release|x86.ActiveCfg = Release|Any CPU
		{0A8AB53B-8A83-451E-BC02-775098AE4A4D}.Debug|Any CPU.ActiveCfg = Debug|Any CPU
		{0A8AB53B-8A83-451E-BC02-775098AE4A4D}.Debug|Any CPU.Build.0 = Debug|Any CPU
		{0A8AB53B-8A83-451E-BC02-775098AE4A4D}.Debug|Mixed Platforms.ActiveCfg = Debug|x86
		{0A8AB53B-8A83-451E-BC02-775098AE4A4D}.Debug|Mixed Platforms.Build.0 = Debug|x86
		{0A8AB53B-8A83-451E-BC02-775098AE4A4D}.Debug|x86.ActiveCfg = Debug|x86
		{0A8AB53B-8A83-451E-BC02-775098AE4A4D}.Debug|x86.Build.0 = Debug|x86
		{0A8AB53B-8A83-451E-BC02-775098AE4A4D}.Release|Any CPU.ActiveCfg = Release|Any CPU
		{0A8AB53B-8A83-451E-BC02-775098AE4A4D}.Release|Any CPU.Build.0 = Release|Any CPU
		{0A8AB53B-8A83-451E-BC02-775098AE4A4D}.Release|Mixed Platforms.ActiveCfg = Release|x86
		{0A8AB53B-8A83-451E-BC02-775098AE4A4D}.Release|Mixed Platforms.Build.0 = Release|x86
		{0A8AB53B-8A83-451E-BC02-775098AE4A4D}.Release|x86.ActiveCfg = Release|Any CPU
		{4A941B94-BD1E-429D-8218-E6343D86FF09}.Debug|Any CPU.ActiveCfg = Debug|Any CPU
		{4A941B94-BD1E-429D-8218-E6343D86FF09}.Debug|Any CPU.Build.0 = Debug|Any CPU
		{4A941B94-BD1E-429D-8218-E6343D86FF09}.Debug|Mixed Platforms.ActiveCfg = Debug|x86
		{4A941B94-BD1E-429D-8218-E6343D86FF09}.Debug|Mixed Platforms.Build.0 = Debug|x86
		{4A941B94-BD1E-429D-8218-E6343D86FF09}.Debug|x86.ActiveCfg = Debug|x86
		{4A941B94-BD1E-429D-8218-E6343D86FF09}.Debug|x86.Build.0 = Debug|x86
		{4A941B94-BD1E-429D-8218-E6343D86FF09}.Release|Any CPU.ActiveCfg = Release|Any CPU
		{4A941B94-BD1E-429D-8218-E6343D86FF09}.Release|Any CPU.Build.0 = Release|Any CPU
		{4A941B94-BD1E-429D-8218-E6343D86FF09}.Release|Mixed Platforms.ActiveCfg = Release|x86
		{4A941B94-BD1E-429D-8218-E6343D86FF09}.Release|Mixed Platforms.Build.0 = Release|x86
		{4A941B94-BD1E-429D-8218-E6343D86FF09}.Release|x86.ActiveCfg = Release|x86
		{4A941B94-BD1E-429D-8218-E6343D86FF09}.Release|x86.Build.0 = Release|x86
		{A1AEA68B-5A4A-47C0-ADB8-7DFC534F23AA}.Debug|Any CPU.ActiveCfg = Debug|Any CPU
		{A1AEA68B-5A4A-47C0-ADB8-7DFC534F23AA}.Debug|Any CPU.Build.0 = Debug|Any CPU
		{A1AEA68B-5A4A-47C0-ADB8-7DFC534F23AA}.Debug|Mixed Platforms.ActiveCfg = Debug|Any CPU
		{A1AEA68B-5A4A-47C0-ADB8-7DFC534F23AA}.Debug|Mixed Platforms.Build.0 = Debug|Any CPU
		{A1AEA68B-5A4A-47C0-ADB8-7DFC534F23AA}.Debug|x86.ActiveCfg = Debug|x86
		{A1AEA68B-5A4A-47C0-ADB8-7DFC534F23AA}.Debug|x86.Build.0 = Debug|x86
		{A1AEA68B-5A4A-47C0-ADB8-7DFC534F23AA}.Release|Any CPU.ActiveCfg = Release|Any CPU
		{A1AEA68B-5A4A-47C0-ADB8-7DFC534F23AA}.Release|Any CPU.Build.0 = Release|Any CPU
		{A1AEA68B-5A4A-47C0-ADB8-7DFC534F23AA}.Release|Mixed Platforms.ActiveCfg = Release|Any CPU
		{A1AEA68B-5A4A-47C0-ADB8-7DFC534F23AA}.Release|Mixed Platforms.Build.0 = Release|Any CPU
		{A1AEA68B-5A4A-47C0-ADB8-7DFC534F23AA}.Release|x86.ActiveCfg = Release|Any CPU
	EndGlobalSection
	GlobalSection(SolutionProperties) = preSolution
		HideSolutionNode = FALSE
	EndGlobalSection
EndGlobal
