
Microsoft Visual Studio Solution File, Format Version 12.00
# Visual Studio 14
VisualStudioVersion = 14.0.25420.1
MinimumVisualStudioVersion = 10.0.40219.1
Project("{FAE04EC0-301F-11D3-BF4B-00C04F79EFBC}") = "Motor.HMI.CRH5G", "Src\Motor.HMI.CRH5G\Motor.HMI.CRH5G.csproj", "{2FB6D87A-BBF2-4F6D-A52C-FB1966AD3133}"
EndProject
Project("{FAE04EC0-301F-11D3-BF4B-00C04F79EFBC}") = "Motor.HMI.CRH5G.Test", "Src\Motor.HMI.CRH5G.Test\Motor.HMI.CRH5G.Test.csproj", "{7B056F86-9C9F-4832-8F49-90BE02E192E8}"
EndProject
Global
	GlobalSection(SolutionConfigurationPlatforms) = preSolution
		Debug|x86 = Debug|x86
		Release|x86 = Release|x86
	EndGlobalSection
	GlobalSection(ProjectConfigurationPlatforms) = postSolution
		{2FB6D87A-BBF2-4F6D-A52C-FB1966AD3133}.Debug|x86.ActiveCfg = Debug|x86
		{2FB6D87A-BBF2-4F6D-A52C-FB1966AD3133}.Debug|x86.Build.0 = Debug|x86
		{2FB6D87A-BBF2-4F6D-A52C-FB1966AD3133}.Release|x86.ActiveCfg = Release|x86
		{2FB6D87A-BBF2-4F6D-A52C-FB1966AD3133}.Release|x86.Build.0 = Release|x86
		{7B056F86-9C9F-4832-8F49-90BE02E192E8}.Debug|x86.ActiveCfg = Debug|x86
		{7B056F86-9C9F-4832-8F49-90BE02E192E8}.Debug|x86.Build.0 = Debug|x86
		{7B056F86-9C9F-4832-8F49-90BE02E192E8}.Release|x86.ActiveCfg = Release|x86
		{7B056F86-9C9F-4832-8F49-90BE02E192E8}.Release|x86.Build.0 = Release|x86
	EndGlobalSection
	GlobalSection(SolutionProperties) = preSolution
		HideSolutionNode = FALSE
	EndGlobalSection
EndGlobal
