
Microsoft Visual Studio Solution File, Format Version 12.00
# Visual Studio 14
VisualStudioVersion = 14.0.25123.0
MinimumVisualStudioVersion = 10.0.40219.1
Project("{FAE04EC0-301F-11D3-BF4B-00C04F79EFBC}") = "Engine.LCDM.HDX2.Subsys", "Src\Engine.LCDM.HDX2.Subsys\Engine.LCDM.HDX2.Subsys.csproj", "{C578F07F-DABC-4949-AB39-5E5232EC86AF}"
EndProject
Project("{FAE04EC0-301F-11D3-BF4B-00C04F79EFBC}") = "Engine.LCDM.HDX2.Entity", "SRC\Engine.LCDM.HDX2.Entity\Engine.LCDM.HDX2.Entity.csproj", "{9AE651C1-8E30-4C2E-B523-028571DA0980}"
EndProject
Project("{FAE04EC0-301F-11D3-BF4B-00C04F79EFBC}") = "Engine.LCDM.HDX2.Resource", "Src\Engine.LCDM.HDX2.Resource\Engine.LCDM.HDX2.Resource.csproj", "{C0E7B05E-E1F1-4AB2-99D2-3F4CE02BBBC7}"
EndProject
Project("{FAE04EC0-301F-11D3-BF4B-00C04F79EFBC}") = "Engine.LCDM.HDX2.DataAdapter", "Src\Engine.LCDM.HDX2.DataAdapter\Engine.LCDM.HDX2.DataAdapter.csproj", "{391A7F3C-378A-412A-ABD8-608891F2222F}"
EndProject
Global
	GlobalSection(SolutionConfigurationPlatforms) = preSolution
		Debug|x86 = Debug|x86
		Release|x86 = Release|x86
	EndGlobalSection
	GlobalSection(ProjectConfigurationPlatforms) = postSolution
		{C578F07F-DABC-4949-AB39-5E5232EC86AF}.Debug|x86.ActiveCfg = Debug|x86
		{C578F07F-DABC-4949-AB39-5E5232EC86AF}.Debug|x86.Build.0 = Debug|x86
		{C578F07F-DABC-4949-AB39-5E5232EC86AF}.Release|x86.ActiveCfg = Release|x86
		{C578F07F-DABC-4949-AB39-5E5232EC86AF}.Release|x86.Build.0 = Release|x86
		{9AE651C1-8E30-4C2E-B523-028571DA0980}.Debug|x86.ActiveCfg = Debug|x86
		{9AE651C1-8E30-4C2E-B523-028571DA0980}.Debug|x86.Build.0 = Debug|x86
		{9AE651C1-8E30-4C2E-B523-028571DA0980}.Release|x86.ActiveCfg = Release|x86
		{9AE651C1-8E30-4C2E-B523-028571DA0980}.Release|x86.Build.0 = Release|x86
		{C0E7B05E-E1F1-4AB2-99D2-3F4CE02BBBC7}.Debug|x86.ActiveCfg = Debug|x86
		{C0E7B05E-E1F1-4AB2-99D2-3F4CE02BBBC7}.Debug|x86.Build.0 = Debug|x86
		{C0E7B05E-E1F1-4AB2-99D2-3F4CE02BBBC7}.Release|x86.ActiveCfg = Release|x86
		{C0E7B05E-E1F1-4AB2-99D2-3F4CE02BBBC7}.Release|x86.Build.0 = Release|x86
		{391A7F3C-378A-412A-ABD8-608891F2222F}.Debug|x86.ActiveCfg = Debug|x86
		{391A7F3C-378A-412A-ABD8-608891F2222F}.Debug|x86.Build.0 = Debug|x86
		{391A7F3C-378A-412A-ABD8-608891F2222F}.Release|x86.ActiveCfg = Release|Any CPU
	EndGlobalSection
	GlobalSection(SolutionProperties) = preSolution
		HideSolutionNode = FALSE
	EndGlobalSection
EndGlobal
