
Microsoft Visual Studio Solution File, Format Version 12.00
# Visual Studio 14
VisualStudioVersion = 14.0.25123.0
MinimumVisualStudioVersion = 10.0.40219.1
Project("{FAE04EC0-301F-11D3-BF4B-00C04F79EFBC}") = "Urban.ATC.CommonView", "Src\Urban.ATC.CommonView\Urban.ATC.CommonView.csproj", "{1CD21510-56BE-4EC7-A393-3764E83142A4}"
EndProject
Project("{FAE04EC0-301F-11D3-BF4B-00C04F79EFBC}") = "Urban.ATC.Domain.Interface", "Src\Urban.ATC.Domain.Interface\Urban.ATC.Domain.Interface.csproj", "{B1F69BD1-D578-4267-B04E-CCE4CF7B7D4A}"
EndProject
Project("{FAE04EC0-301F-11D3-BF4B-00C04F79EFBC}") = "Urban.ATC.Siemens.Subsystem", "Src\Urban.ATC.Siemens\Urban.ATC.Siemens.Subsystem.csproj", "{E077395E-77A9-4A59-84C2-B803586D2D72}"
EndProject
Project("{FAE04EC0-301F-11D3-BF4B-00C04F79EFBC}") = "Urban.ATC.Siemens.Model", "Src\Urban.ATC.Siemens.Model\Urban.ATC.Siemens.Model.csproj", "{3410830C-F24D-4312-91F0-B4A6B24ACFEF}"
EndProject
Project("{FAE04EC0-301F-11D3-BF4B-00C04F79EFBC}") = "Urban.ATC.Siemens.Resource.CH", "Src\Urban.ATC.Siemens.Resource.CH\Urban.ATC.Siemens.Resource.CH.csproj", "{C1E10E05-701B-4106-A9B7-2335421134EB}"
EndProject
Project("{FAE04EC0-301F-11D3-BF4B-00C04F79EFBC}") = "Urban.ATC.Siemens.Resource.Internal", "Src\Urban.ATC.Siemens.Resource.Internal\Urban.ATC.Siemens.Resource.Internal.csproj", "{E4ACB6AD-43E7-4F52-A84E-060DAB77231E}"
EndProject
Project("{FAE04EC0-301F-11D3-BF4B-00C04F79EFBC}") = "Urban.ATC.Siemens.WPF.Control", "Src\Urban.ATC.Siemens.WPF.Control\Urban.ATC.Siemens.WPF.Control.csproj", "{8128E455-B095-494D-BCEC-0B528BC2A268}"
EndProject
Project("{FAE04EC0-301F-11D3-BF4B-00C04F79EFBC}") = "Urban.ATC.Siemens.WPF.Interface", "Src\Urban.ATC.Siemens.WPF.Interface\Urban.ATC.Siemens.WPF.Interface.csproj", "{328BA923-F6B1-43A8-B644-A723563B0DD7}"
EndProject
Global
	GlobalSection(SolutionConfigurationPlatforms) = preSolution
		Debug|x86 = Debug|x86
		Release|x86 = Release|x86
	EndGlobalSection
	GlobalSection(ProjectConfigurationPlatforms) = postSolution
		{1CD21510-56BE-4EC7-A393-3764E83142A4}.Debug|x86.ActiveCfg = Debug|x86
		{1CD21510-56BE-4EC7-A393-3764E83142A4}.Debug|x86.Build.0 = Debug|x86
		{1CD21510-56BE-4EC7-A393-3764E83142A4}.Release|x86.ActiveCfg = Release|x86
		{1CD21510-56BE-4EC7-A393-3764E83142A4}.Release|x86.Build.0 = Release|x86
		{B1F69BD1-D578-4267-B04E-CCE4CF7B7D4A}.Debug|x86.ActiveCfg = Debug|x86
		{B1F69BD1-D578-4267-B04E-CCE4CF7B7D4A}.Debug|x86.Build.0 = Debug|x86
		{B1F69BD1-D578-4267-B04E-CCE4CF7B7D4A}.Release|x86.ActiveCfg = Release|x86
		{B1F69BD1-D578-4267-B04E-CCE4CF7B7D4A}.Release|x86.Build.0 = Release|x86
		{E077395E-77A9-4A59-84C2-B803586D2D72}.Debug|x86.ActiveCfg = Debug|x86
		{E077395E-77A9-4A59-84C2-B803586D2D72}.Debug|x86.Build.0 = Debug|x86
		{E077395E-77A9-4A59-84C2-B803586D2D72}.Release|x86.ActiveCfg = Release|x86
		{E077395E-77A9-4A59-84C2-B803586D2D72}.Release|x86.Build.0 = Release|x86
		{3410830C-F24D-4312-91F0-B4A6B24ACFEF}.Debug|x86.ActiveCfg = Debug|x86
		{3410830C-F24D-4312-91F0-B4A6B24ACFEF}.Debug|x86.Build.0 = Debug|x86
		{3410830C-F24D-4312-91F0-B4A6B24ACFEF}.Release|x86.ActiveCfg = Release|x86
		{3410830C-F24D-4312-91F0-B4A6B24ACFEF}.Release|x86.Build.0 = Release|x86
		{C1E10E05-701B-4106-A9B7-2335421134EB}.Debug|x86.ActiveCfg = Debug|x86
		{C1E10E05-701B-4106-A9B7-2335421134EB}.Debug|x86.Build.0 = Debug|x86
		{C1E10E05-701B-4106-A9B7-2335421134EB}.Release|x86.ActiveCfg = Release|x86
		{C1E10E05-701B-4106-A9B7-2335421134EB}.Release|x86.Build.0 = Release|x86
		{E4ACB6AD-43E7-4F52-A84E-060DAB77231E}.Debug|x86.ActiveCfg = Debug|x86
		{E4ACB6AD-43E7-4F52-A84E-060DAB77231E}.Debug|x86.Build.0 = Debug|x86
		{E4ACB6AD-43E7-4F52-A84E-060DAB77231E}.Release|x86.ActiveCfg = Release|x86
		{E4ACB6AD-43E7-4F52-A84E-060DAB77231E}.Release|x86.Build.0 = Release|x86
		{8128E455-B095-494D-BCEC-0B528BC2A268}.Debug|x86.ActiveCfg = Debug|x86
		{8128E455-B095-494D-BCEC-0B528BC2A268}.Debug|x86.Build.0 = Debug|x86
		{8128E455-B095-494D-BCEC-0B528BC2A268}.Release|x86.ActiveCfg = Release|x86
		{8128E455-B095-494D-BCEC-0B528BC2A268}.Release|x86.Build.0 = Release|x86
		{328BA923-F6B1-43A8-B644-A723563B0DD7}.Debug|x86.ActiveCfg = Debug|x86
		{328BA923-F6B1-43A8-B644-A723563B0DD7}.Debug|x86.Build.0 = Debug|x86
		{328BA923-F6B1-43A8-B644-A723563B0DD7}.Release|x86.ActiveCfg = Release|x86
		{328BA923-F6B1-43A8-B644-A723563B0DD7}.Release|x86.Build.0 = Release|x86
	EndGlobalSection
	GlobalSection(SolutionProperties) = preSolution
		HideSolutionNode = FALSE
	EndGlobalSection
EndGlobal
