
Microsoft Visual Studio Solution File, Format Version 12.00
# Visual Studio 2012
Project("{FAE04EC0-301F-11D3-BF4B-00C04F79EFBC}") = "RailwaySimulation.Infrastructure", "RailwaySimulation.Infrastructure\RailwaySimulation.Infrastructure.csproj", "{8F1AAFBD-884F-4B00-AFD2-A0CF1513C6BD}"
EndProject
Project("{FAE04EC0-301F-11D3-BF4B-00C04F79EFBC}") = "RailwaySimulation.Platform", "RailwaySimulation.Platform\RailwaySimulation.Platform.csproj", "{3F9EE412-084A-4AE4-A2F2-2F07AB66E8B6}"
EndProject
Project("{FAE04EC0-301F-11D3-BF4B-00C04F79EFBC}") = "RailwaySimulation.Common", "RailwaySimulation.Common\RailwaySimulation.Common.csproj", "{500F1847-2FCE-4781-B4B8-064C79AA1108}"
EndProject
Project("{2150E333-8FDC-42A3-9474-1A3956D46DE8}") = "Application", "Application", "{6ECAC122-DE34-4047-8E17-9CEC77303315}"
EndProject
Project("{FAE04EC0-301F-11D3-BF4B-00C04F79EFBC}") = "RailwaySimulation.CRH2", "Application\RailwaySimulation.CRH2\RailwaySimulation.CRH2.csproj", "{5A4FDC61-17C5-4D1B-B345-858E25398482}"
EndProject
Project("{2150E333-8FDC-42A3-9474-1A3956D46DE8}") = "CommunacaionSimulation", "CommunacaionSimulation", "{13108B08-8ADE-487B-9DFF-0AD3B7F08277}"
EndProject
Project("{FAE04EC0-301F-11D3-BF4B-00C04F79EFBC}") = "CommunacationSimunation.Platform", "CommunacationSimunation\CommunacationSimunation.Platform\CommunacationSimunation.Platform.csproj", "{6D5E6C32-A347-4BD4-A046-628112B73357}"
EndProject
Project("{FAE04EC0-301F-11D3-BF4B-00C04F79EFBC}") = "CommunacationSimunation.Control", "CommunacationSimunation\CommunacationSimunation.Control\CommunacationSimunation.Control.csproj", "{C54C3E82-70E1-4C24-91D5-270AA63AEB6F}"
EndProject
Project("{2150E333-8FDC-42A3-9474-1A3956D46DE8}") = "Domain", "Domain", "{960477AB-3CAE-478B-957D-2C7F8E97B6D8}"
EndProject
Project("{FAE04EC0-301F-11D3-BF4B-00C04F79EFBC}") = "RailwaySinulation.Domain.Interface", "Domain\RailwaySinulation.Domain.Interface\RailwaySinulation.Domain.Interface.csproj", "{644EC9CA-FAF5-433A-834F-42CE3E953CB9}"
EndProject
Project("{2150E333-8FDC-42A3-9474-1A3956D46DE8}") = "Motor", "Motor", "{B9822049-6E86-4A64-8A81-0E3916DFE2B8}"
EndProject
Project("{FAE04EC0-301F-11D3-BF4B-00C04F79EFBC}") = "RailwaySimulation.Resource", "RailwaySimulation.Resource\RailwaySimulation.Resource.csproj", "{4DF1E561-3E25-46D4-B38A-4B0407038D53}"
EndProject
Project("{2150E333-8FDC-42A3-9474-1A3956D46DE8}") = "Desktop", "Desktop", "{427A86D7-6490-4D97-A2F2-DD41F75E1422}"
EndProject
Project("{2150E333-8FDC-42A3-9474-1A3956D46DE8}") = "Application", "Application", "{4F15B6D4-79A4-40D5-9D58-080D0EB6287B}"
EndProject
Project("{2150E333-8FDC-42A3-9474-1A3956D46DE8}") = "Communication", "Communication", "{FE96FBEC-8781-4585-A8F3-D09956C3DAC5}"
EndProject
Project("{2150E333-8FDC-42A3-9474-1A3956D46DE8}") = "Domain", "Domain", "{A918B7AC-64F7-4E82-8D87-F7349772F230}"
EndProject
Global
	GlobalSection(SolutionConfigurationPlatforms) = preSolution
		Debug|Any CPU = Debug|Any CPU
		Debug|Mixed Platforms = Debug|Mixed Platforms
		Debug|x86 = Debug|x86
		Release|Any CPU = Release|Any CPU
		Release|Mixed Platforms = Release|Mixed Platforms
		Release|x86 = Release|x86
	EndGlobalSection
	GlobalSection(ProjectConfigurationPlatforms) = postSolution
		{8F1AAFBD-884F-4B00-AFD2-A0CF1513C6BD}.Debug|Any CPU.ActiveCfg = Debug|Any CPU
		{8F1AAFBD-884F-4B00-AFD2-A0CF1513C6BD}.Debug|Any CPU.Build.0 = Debug|Any CPU
		{8F1AAFBD-884F-4B00-AFD2-A0CF1513C6BD}.Debug|Mixed Platforms.ActiveCfg = Debug|Any CPU
		{8F1AAFBD-884F-4B00-AFD2-A0CF1513C6BD}.Debug|Mixed Platforms.Build.0 = Debug|Any CPU
		{8F1AAFBD-884F-4B00-AFD2-A0CF1513C6BD}.Debug|x86.ActiveCfg = Debug|x86
		{8F1AAFBD-884F-4B00-AFD2-A0CF1513C6BD}.Debug|x86.Build.0 = Debug|x86
		{8F1AAFBD-884F-4B00-AFD2-A0CF1513C6BD}.Release|Any CPU.ActiveCfg = Release|Any CPU
		{8F1AAFBD-884F-4B00-AFD2-A0CF1513C6BD}.Release|Any CPU.Build.0 = Release|Any CPU
		{8F1AAFBD-884F-4B00-AFD2-A0CF1513C6BD}.Release|Mixed Platforms.ActiveCfg = Release|Any CPU
		{8F1AAFBD-884F-4B00-AFD2-A0CF1513C6BD}.Release|Mixed Platforms.Build.0 = Release|Any CPU
		{8F1AAFBD-884F-4B00-AFD2-A0CF1513C6BD}.Release|x86.ActiveCfg = Release|Any CPU
		{3F9EE412-084A-4AE4-A2F2-2F07AB66E8B6}.Debug|Any CPU.ActiveCfg = Debug|Any CPU
		{3F9EE412-084A-4AE4-A2F2-2F07AB66E8B6}.Debug|Any CPU.Build.0 = Debug|Any CPU
		{3F9EE412-084A-4AE4-A2F2-2F07AB66E8B6}.Debug|Mixed Platforms.ActiveCfg = Debug|x86
		{3F9EE412-084A-4AE4-A2F2-2F07AB66E8B6}.Debug|Mixed Platforms.Build.0 = Debug|x86
		{3F9EE412-084A-4AE4-A2F2-2F07AB66E8B6}.Debug|x86.ActiveCfg = Debug|x86
		{3F9EE412-084A-4AE4-A2F2-2F07AB66E8B6}.Debug|x86.Build.0 = Debug|x86
		{3F9EE412-084A-4AE4-A2F2-2F07AB66E8B6}.Release|Any CPU.ActiveCfg = Release|x86
		{3F9EE412-084A-4AE4-A2F2-2F07AB66E8B6}.Release|Mixed Platforms.ActiveCfg = Release|x86
		{3F9EE412-084A-4AE4-A2F2-2F07AB66E8B6}.Release|Mixed Platforms.Build.0 = Release|x86
		{3F9EE412-084A-4AE4-A2F2-2F07AB66E8B6}.Release|x86.ActiveCfg = Release|x86
		{3F9EE412-084A-4AE4-A2F2-2F07AB66E8B6}.Release|x86.Build.0 = Release|x86
		{500F1847-2FCE-4781-B4B8-064C79AA1108}.Debug|Any CPU.ActiveCfg = Debug|Any CPU
		{500F1847-2FCE-4781-B4B8-064C79AA1108}.Debug|Any CPU.Build.0 = Debug|Any CPU
		{500F1847-2FCE-4781-B4B8-064C79AA1108}.Debug|Mixed Platforms.ActiveCfg = Debug|Any CPU
		{500F1847-2FCE-4781-B4B8-064C79AA1108}.Debug|Mixed Platforms.Build.0 = Debug|Any CPU
		{500F1847-2FCE-4781-B4B8-064C79AA1108}.Debug|x86.ActiveCfg = Debug|x86
		{500F1847-2FCE-4781-B4B8-064C79AA1108}.Debug|x86.Build.0 = Debug|x86
		{500F1847-2FCE-4781-B4B8-064C79AA1108}.Release|Any CPU.ActiveCfg = Release|Any CPU
		{500F1847-2FCE-4781-B4B8-064C79AA1108}.Release|Any CPU.Build.0 = Release|Any CPU
		{500F1847-2FCE-4781-B4B8-064C79AA1108}.Release|Mixed Platforms.ActiveCfg = Release|Any CPU
		{500F1847-2FCE-4781-B4B8-064C79AA1108}.Release|Mixed Platforms.Build.0 = Release|Any CPU
		{500F1847-2FCE-4781-B4B8-064C79AA1108}.Release|x86.ActiveCfg = Release|x86
		{500F1847-2FCE-4781-B4B8-064C79AA1108}.Release|x86.Build.0 = Release|x86
		{5A4FDC61-17C5-4D1B-B345-858E25398482}.Debug|Any CPU.ActiveCfg = Debug|Any CPU
		{5A4FDC61-17C5-4D1B-B345-858E25398482}.Debug|Any CPU.Build.0 = Debug|Any CPU
		{5A4FDC61-17C5-4D1B-B345-858E25398482}.Debug|Mixed Platforms.ActiveCfg = Debug|Any CPU
		{5A4FDC61-17C5-4D1B-B345-858E25398482}.Debug|Mixed Platforms.Build.0 = Debug|Any CPU
		{5A4FDC61-17C5-4D1B-B345-858E25398482}.Debug|x86.ActiveCfg = Debug|x86
		{5A4FDC61-17C5-4D1B-B345-858E25398482}.Debug|x86.Build.0 = Debug|x86
		{5A4FDC61-17C5-4D1B-B345-858E25398482}.Release|Any CPU.ActiveCfg = Release|Any CPU
		{5A4FDC61-17C5-4D1B-B345-858E25398482}.Release|Any CPU.Build.0 = Release|Any CPU
		{5A4FDC61-17C5-4D1B-B345-858E25398482}.Release|Mixed Platforms.ActiveCfg = Release|Any CPU
		{5A4FDC61-17C5-4D1B-B345-858E25398482}.Release|Mixed Platforms.Build.0 = Release|Any CPU
		{5A4FDC61-17C5-4D1B-B345-858E25398482}.Release|x86.ActiveCfg = Release|Any CPU
		{6D5E6C32-A347-4BD4-A046-628112B73357}.Debug|Any CPU.ActiveCfg = Debug|x86
		{6D5E6C32-A347-4BD4-A046-628112B73357}.Debug|Mixed Platforms.ActiveCfg = Debug|x86
		{6D5E6C32-A347-4BD4-A046-628112B73357}.Debug|Mixed Platforms.Build.0 = Debug|x86
		{6D5E6C32-A347-4BD4-A046-628112B73357}.Debug|x86.ActiveCfg = Debug|x86
		{6D5E6C32-A347-4BD4-A046-628112B73357}.Debug|x86.Build.0 = Debug|x86
		{6D5E6C32-A347-4BD4-A046-628112B73357}.Release|Any CPU.ActiveCfg = Release|x86
		{6D5E6C32-A347-4BD4-A046-628112B73357}.Release|Mixed Platforms.ActiveCfg = Release|x86
		{6D5E6C32-A347-4BD4-A046-628112B73357}.Release|Mixed Platforms.Build.0 = Release|x86
		{6D5E6C32-A347-4BD4-A046-628112B73357}.Release|x86.ActiveCfg = Release|x86
		{6D5E6C32-A347-4BD4-A046-628112B73357}.Release|x86.Build.0 = Release|x86
		{C54C3E82-70E1-4C24-91D5-270AA63AEB6F}.Debug|Any CPU.ActiveCfg = Debug|Any CPU
		{C54C3E82-70E1-4C24-91D5-270AA63AEB6F}.Debug|Any CPU.Build.0 = Debug|Any CPU
		{C54C3E82-70E1-4C24-91D5-270AA63AEB6F}.Debug|Mixed Platforms.ActiveCfg = Debug|Any CPU
		{C54C3E82-70E1-4C24-91D5-270AA63AEB6F}.Debug|Mixed Platforms.Build.0 = Debug|Any CPU
		{C54C3E82-70E1-4C24-91D5-270AA63AEB6F}.Debug|x86.ActiveCfg = Debug|x86
		{C54C3E82-70E1-4C24-91D5-270AA63AEB6F}.Debug|x86.Build.0 = Debug|x86
		{C54C3E82-70E1-4C24-91D5-270AA63AEB6F}.Release|Any CPU.ActiveCfg = Release|Any CPU
		{C54C3E82-70E1-4C24-91D5-270AA63AEB6F}.Release|Any CPU.Build.0 = Release|Any CPU
		{C54C3E82-70E1-4C24-91D5-270AA63AEB6F}.Release|Mixed Platforms.ActiveCfg = Release|Any CPU
		{C54C3E82-70E1-4C24-91D5-270AA63AEB6F}.Release|Mixed Platforms.Build.0 = Release|Any CPU
		{C54C3E82-70E1-4C24-91D5-270AA63AEB6F}.Release|x86.ActiveCfg = Release|Any CPU
		{644EC9CA-FAF5-433A-834F-42CE3E953CB9}.Debug|Any CPU.ActiveCfg = Debug|Any CPU
		{644EC9CA-FAF5-433A-834F-42CE3E953CB9}.Debug|Any CPU.Build.0 = Debug|Any CPU
		{644EC9CA-FAF5-433A-834F-42CE3E953CB9}.Debug|Mixed Platforms.ActiveCfg = Debug|Any CPU
		{644EC9CA-FAF5-433A-834F-42CE3E953CB9}.Debug|Mixed Platforms.Build.0 = Debug|Any CPU
		{644EC9CA-FAF5-433A-834F-42CE3E953CB9}.Debug|x86.ActiveCfg = Debug|x86
		{644EC9CA-FAF5-433A-834F-42CE3E953CB9}.Debug|x86.Build.0 = Debug|x86
		{644EC9CA-FAF5-433A-834F-42CE3E953CB9}.Release|Any CPU.ActiveCfg = Release|Any CPU
		{644EC9CA-FAF5-433A-834F-42CE3E953CB9}.Release|Any CPU.Build.0 = Release|Any CPU
		{644EC9CA-FAF5-433A-834F-42CE3E953CB9}.Release|Mixed Platforms.ActiveCfg = Release|Any CPU
		{644EC9CA-FAF5-433A-834F-42CE3E953CB9}.Release|Mixed Platforms.Build.0 = Release|Any CPU
		{644EC9CA-FAF5-433A-834F-42CE3E953CB9}.Release|x86.ActiveCfg = Release|Any CPU
		{4DF1E561-3E25-46D4-B38A-4B0407038D53}.Debug|Any CPU.ActiveCfg = Debug|Any CPU
		{4DF1E561-3E25-46D4-B38A-4B0407038D53}.Debug|Any CPU.Build.0 = Debug|Any CPU
		{4DF1E561-3E25-46D4-B38A-4B0407038D53}.Debug|Mixed Platforms.ActiveCfg = Debug|Any CPU
		{4DF1E561-3E25-46D4-B38A-4B0407038D53}.Debug|Mixed Platforms.Build.0 = Debug|Any CPU
		{4DF1E561-3E25-46D4-B38A-4B0407038D53}.Debug|x86.ActiveCfg = Debug|x86
		{4DF1E561-3E25-46D4-B38A-4B0407038D53}.Debug|x86.Build.0 = Debug|x86
		{4DF1E561-3E25-46D4-B38A-4B0407038D53}.Release|Any CPU.ActiveCfg = Release|Any CPU
		{4DF1E561-3E25-46D4-B38A-4B0407038D53}.Release|Any CPU.Build.0 = Release|Any CPU
		{4DF1E561-3E25-46D4-B38A-4B0407038D53}.Release|Mixed Platforms.ActiveCfg = Release|Any CPU
		{4DF1E561-3E25-46D4-B38A-4B0407038D53}.Release|Mixed Platforms.Build.0 = Release|Any CPU
		{4DF1E561-3E25-46D4-B38A-4B0407038D53}.Release|x86.ActiveCfg = Release|Any CPU
	EndGlobalSection
	GlobalSection(SolutionProperties) = preSolution
		HideSolutionNode = FALSE
	EndGlobalSection
	GlobalSection(NestedProjects) = preSolution
		{5A4FDC61-17C5-4D1B-B345-858E25398482} = {6ECAC122-DE34-4047-8E17-9CEC77303315}
		{6D5E6C32-A347-4BD4-A046-628112B73357} = {13108B08-8ADE-487B-9DFF-0AD3B7F08277}
		{C54C3E82-70E1-4C24-91D5-270AA63AEB6F} = {13108B08-8ADE-487B-9DFF-0AD3B7F08277}
		{644EC9CA-FAF5-433A-834F-42CE3E953CB9} = {960477AB-3CAE-478B-957D-2C7F8E97B6D8}
		{B9822049-6E86-4A64-8A81-0E3916DFE2B8} = {960477AB-3CAE-478B-957D-2C7F8E97B6D8}
		{4F15B6D4-79A4-40D5-9D58-080D0EB6287B} = {427A86D7-6490-4D97-A2F2-DD41F75E1422}
		{FE96FBEC-8781-4585-A8F3-D09956C3DAC5} = {427A86D7-6490-4D97-A2F2-DD41F75E1422}
		{A918B7AC-64F7-4E82-8D87-F7349772F230} = {427A86D7-6490-4D97-A2F2-DD41F75E1422}
	EndGlobalSection
EndGlobal
