
Microsoft Visual Studio Solution File, Format Version 12.00
# Visual Studio 15
VisualStudioVersion = 15.0.26403.7
MinimumVisualStudioVersion = 10.0.40219.1
Project("{FAE04EC0-301F-11D3-BF4B-00C04F79EFBC}") = "Subway.TCMS.Infrasturcture", "Src\Infrasturcture\Subway.TCMS.Infrasturcture\Subway.TCMS.Infrasturcture.csproj", "{2F8A7708-E660-4FA2-A04F-BEF7768E7370}"
EndProject
Project("{2150E333-8FDC-42A3-9474-1A3956D46DE8}") = "Infrasturcture", "Infrasturcture", "{84FEC07A-8423-4196-BE2C-73FB747F00FE}"
EndProject
Project("{2150E333-8FDC-42A3-9474-1A3956D46DE8}") = "DataAdapter", "DataAdapter", "{49172203-3C41-4992-94FD-A03208E287AC}"
EndProject
Project("{FAE04EC0-301F-11D3-BF4B-00C04F79EFBC}") = "Subway.TCMS.DataAdapter", "Src\DataAdapter\Subway.TCMS.DataAdapter\Subway.TCMS.DataAdapter.csproj", "{9F4F9502-47B7-4AFF-9176-CB5AF9FB67F1}"
EndProject
Project("{2150E333-8FDC-42A3-9474-1A3956D46DE8}") = "TCMS", "TCMS", "{8297CEE5-A3F4-4FEB-8B74-D045C433613C}"
EndProject
Project("{FAE04EC0-301F-11D3-BF4B-00C04F79EFBC}") = "Subway.TCMS.Vietnam", "Src\TCMS\Subway.TCMS.Vietnam\Subway.TCMS.Vietnam.csproj", "{4F827C76-7576-42DF-8F05-24CF97ED27F1}"
EndProject
Global
	GlobalSection(SolutionConfigurationPlatforms) = preSolution
		Debug|Any CPU = Debug|Any CPU
		Debug|x86 = Debug|x86
		Release|Any CPU = Release|Any CPU
		Release|x86 = Release|x86
	EndGlobalSection
	GlobalSection(ProjectConfigurationPlatforms) = postSolution
		{2F8A7708-E660-4FA2-A04F-BEF7768E7370}.Debug|Any CPU.ActiveCfg = Debug|Any CPU
		{2F8A7708-E660-4FA2-A04F-BEF7768E7370}.Debug|Any CPU.Build.0 = Debug|Any CPU
		{2F8A7708-E660-4FA2-A04F-BEF7768E7370}.Debug|x86.ActiveCfg = Debug|x86
		{2F8A7708-E660-4FA2-A04F-BEF7768E7370}.Debug|x86.Build.0 = Debug|x86
		{2F8A7708-E660-4FA2-A04F-BEF7768E7370}.Release|Any CPU.ActiveCfg = Release|Any CPU
		{2F8A7708-E660-4FA2-A04F-BEF7768E7370}.Release|Any CPU.Build.0 = Release|Any CPU
		{2F8A7708-E660-4FA2-A04F-BEF7768E7370}.Release|x86.ActiveCfg = Release|x86
		{2F8A7708-E660-4FA2-A04F-BEF7768E7370}.Release|x86.Build.0 = Release|x86
		{9F4F9502-47B7-4AFF-9176-CB5AF9FB67F1}.Debug|Any CPU.ActiveCfg = Debug|Any CPU
		{9F4F9502-47B7-4AFF-9176-CB5AF9FB67F1}.Debug|Any CPU.Build.0 = Debug|Any CPU
		{9F4F9502-47B7-4AFF-9176-CB5AF9FB67F1}.Debug|x86.ActiveCfg = Debug|x86
		{9F4F9502-47B7-4AFF-9176-CB5AF9FB67F1}.Debug|x86.Build.0 = Debug|x86
		{9F4F9502-47B7-4AFF-9176-CB5AF9FB67F1}.Release|Any CPU.ActiveCfg = Release|Any CPU
		{9F4F9502-47B7-4AFF-9176-CB5AF9FB67F1}.Release|Any CPU.Build.0 = Release|Any CPU
		{9F4F9502-47B7-4AFF-9176-CB5AF9FB67F1}.Release|x86.ActiveCfg = Release|x86
		{9F4F9502-47B7-4AFF-9176-CB5AF9FB67F1}.Release|x86.Build.0 = Release|x86
		{4F827C76-7576-42DF-8F05-24CF97ED27F1}.Debug|Any CPU.ActiveCfg = Debug|Any CPU
		{4F827C76-7576-42DF-8F05-24CF97ED27F1}.Debug|Any CPU.Build.0 = Debug|Any CPU
		{4F827C76-7576-42DF-8F05-24CF97ED27F1}.Debug|x86.ActiveCfg = Debug|x86
		{4F827C76-7576-42DF-8F05-24CF97ED27F1}.Debug|x86.Build.0 = Debug|x86
		{4F827C76-7576-42DF-8F05-24CF97ED27F1}.Release|Any CPU.ActiveCfg = Release|Any CPU
		{4F827C76-7576-42DF-8F05-24CF97ED27F1}.Release|Any CPU.Build.0 = Release|Any CPU
		{4F827C76-7576-42DF-8F05-24CF97ED27F1}.Release|x86.ActiveCfg = Release|x86
		{4F827C76-7576-42DF-8F05-24CF97ED27F1}.Release|x86.Build.0 = Release|x86
	EndGlobalSection
	GlobalSection(SolutionProperties) = preSolution
		HideSolutionNode = FALSE
	EndGlobalSection
	GlobalSection(NestedProjects) = preSolution
		{2F8A7708-E660-4FA2-A04F-BEF7768E7370} = {84FEC07A-8423-4196-BE2C-73FB747F00FE}
		{9F4F9502-47B7-4AFF-9176-CB5AF9FB67F1} = {49172203-3C41-4992-94FD-A03208E287AC}
		{4F827C76-7576-42DF-8F05-24CF97ED27F1} = {8297CEE5-A3F4-4FEB-8B74-D045C433613C}
	EndGlobalSection
EndGlobal
