
Microsoft Visual Studio Solution File, Format Version 12.00
# Visual Studio 14
VisualStudioVersion = 14.0.25123.0
MinimumVisualStudioVersion = 10.0.40219.1
Project("{FAE04EC0-301F-11D3-BF4B-00C04F79EFBC}") = "NC_TMS", "Src\NC_TMS\NC_TMS.csproj", "{C7781122-89C9-47DA-9FBA-EFBC67649B3C}"
EndProject
Project("{FAE04EC0-301F-11D3-BF4B-00C04F79EFBC}") = "NJ_MMI", "Src\NJ_MMI\NJ_MMI.csproj", "{B0088A00-467C-4D33-90B1-FF0CA8971BBC}"
EndProject
Global
	GlobalSection(SolutionConfigurationPlatforms) = preSolution
		Debug|Any CPU = Debug|Any CPU
		Release|Any CPU = Release|Any CPU
	EndGlobalSection
	GlobalSection(ProjectConfigurationPlatforms) = postSolution
		{C7781122-89C9-47DA-9FBA-EFBC67649B3C}.Debug|Any CPU.ActiveCfg = Debug|Any CPU
		{C7781122-89C9-47DA-9FBA-EFBC67649B3C}.Debug|Any CPU.Build.0 = Debug|Any CPU
		{C7781122-89C9-47DA-9FBA-EFBC67649B3C}.Release|Any CPU.ActiveCfg = Release|Any CPU
		{C7781122-89C9-47DA-9FBA-EFBC67649B3C}.Release|Any CPU.Build.0 = Release|Any CPU
		{B0088A00-467C-4D33-90B1-FF0CA8971BBC}.Debug|Any CPU.ActiveCfg = Debug|Any CPU
		{B0088A00-467C-4D33-90B1-FF0CA8971BBC}.Debug|Any CPU.Build.0 = Debug|Any CPU
		{B0088A00-467C-4D33-90B1-FF0CA8971BBC}.Release|Any CPU.ActiveCfg = Release|Any CPU
		{B0088A00-467C-4D33-90B1-FF0CA8971BBC}.Release|Any CPU.Build.0 = Release|Any CPU
	EndGlobalSection
	GlobalSection(SolutionProperties) = preSolution
		HideSolutionNode = FALSE
	EndGlobalSection
EndGlobal
