
Microsoft Visual Studio Solution File, Format Version 12.00
# Visual Studio 15
VisualStudioVersion = 15.0.26730.8
MinimumVisualStudioVersion = 10.0.40219.1
Project("{9A19103F-16F7-4668-BE54-9A1E7A4F7556}") = "MessageManager", "MessageManager\MessageManager.csproj", "{D5BA6136-F12D-499B-BC3E-F46E3EA21DD8}"
EndProject
Project("{9A19103F-16F7-4668-BE54-9A1E7A4F7556}") = "MessageManager.Test", "MessageManager.Test\MessageManager.Test.csproj", "{4330B466-0C3C-44F9-A3BE-933728EF8335}"
EndProject
Project("{FAE04EC0-301F-11D3-BF4B-00C04F79EFBC}") = "WpfApp1", "WpfApp1\WpfApp1.csproj", "{EEAE2C9A-F5C4-49B1-A4C1-01F434CD3993}"
EndProject
Global
	GlobalSection(SolutionConfigurationPlatforms) = preSolution
		Debug|Any CPU = Debug|Any CPU
		Release|Any CPU = Release|Any CPU
	EndGlobalSection
	GlobalSection(ProjectConfigurationPlatforms) = postSolution
		{D5BA6136-F12D-499B-BC3E-F46E3EA21DD8}.Debug|Any CPU.ActiveCfg = Debug|Any CPU
		{D5BA6136-F12D-499B-BC3E-F46E3EA21DD8}.Debug|Any CPU.Build.0 = Debug|Any CPU
		{D5BA6136-F12D-499B-BC3E-F46E3EA21DD8}.Release|Any CPU.ActiveCfg = Release|Any CPU
		{D5BA6136-F12D-499B-BC3E-F46E3EA21DD8}.Release|Any CPU.Build.0 = Release|Any CPU
		{4330B466-0C3C-44F9-A3BE-933728EF8335}.Debug|Any CPU.ActiveCfg = Debug|Any CPU
		{4330B466-0C3C-44F9-A3BE-933728EF8335}.Debug|Any CPU.Build.0 = Debug|Any CPU
		{4330B466-0C3C-44F9-A3BE-933728EF8335}.Release|Any CPU.ActiveCfg = Release|Any CPU
		{4330B466-0C3C-44F9-A3BE-933728EF8335}.Release|Any CPU.Build.0 = Release|Any CPU
		{EEAE2C9A-F5C4-49B1-A4C1-01F434CD3993}.Debug|Any CPU.ActiveCfg = Debug|Any CPU
		{EEAE2C9A-F5C4-49B1-A4C1-01F434CD3993}.Debug|Any CPU.Build.0 = Debug|Any CPU
		{EEAE2C9A-F5C4-49B1-A4C1-01F434CD3993}.Release|Any CPU.ActiveCfg = Release|Any CPU
		{EEAE2C9A-F5C4-49B1-A4C1-01F434CD3993}.Release|Any CPU.Build.0 = Release|Any CPU
	EndGlobalSection
	GlobalSection(SolutionProperties) = preSolution
		HideSolutionNode = FALSE
	EndGlobalSection
	GlobalSection(ExtensibilityGlobals) = postSolution
		SolutionGuid = {CF79F28F-0C78-4D4F-9C87-AC27A9FC3558}
	EndGlobalSection
EndGlobal
