
Microsoft Visual Studio Solution File, Format Version 12.00
# Visual Studio 2013
VisualStudioVersion = 12.0.30501.0
MinimumVisualStudioVersion = 10.0.40219.1
Project("{FAE04EC0-301F-11D3-BF4B-00C04F79EFBC}") = "General.FlashLoader.Subsystem", "Src\General.FlshLoader.Subsystem\General.FlashLoader.Subsystem.csproj", "{5CFC67ED-4647-4164-9BA7-59CCBBA0BC36}"
EndProject
Project("{FAE04EC0-301F-11D3-BF4B-00C04F79EFBC}") = "General.FlashLoader.ConfigEditer", "Src\General.FlashLoader.ConfigEditer\General.FlashLoader.ConfigEditer.csproj", "{44A48BF9-9A60-460E-8D77-B15BFEF8007A}"
EndProject
Project("{FAE04EC0-301F-11D3-BF4B-00C04F79EFBC}") = "General.FlashLoader.TesterSubsys", "Src\General.FlashLoader.TesterSubsys\General.FlashLoader.TesterSubsys.csproj", "{30A04B9E-9E53-485B-817B-E3063ACB8EA7}"
EndProject
Project("{FAE04EC0-301F-11D3-BF4B-00C04F79EFBC}") = "General.FlashLoader.FlashView", "Src\General.FlashLoader.FlashView\General.FlashLoader.FlashView.csproj", "{5DDA94A8-51E1-4E6F-B40E-0243F4A38ABE}"
EndProject
Global
	GlobalSection(SolutionConfigurationPlatforms) = preSolution
		Debug|x86 = Debug|x86
		Release|x86 = Release|x86
	EndGlobalSection
	GlobalSection(ProjectConfigurationPlatforms) = postSolution
		{5CFC67ED-4647-4164-9BA7-59CCBBA0BC36}.Debug|x86.ActiveCfg = Debug|x86
		{5CFC67ED-4647-4164-9BA7-59CCBBA0BC36}.Debug|x86.Build.0 = Debug|x86
		{5CFC67ED-4647-4164-9BA7-59CCBBA0BC36}.Release|x86.ActiveCfg = Release|x86
		{5CFC67ED-4647-4164-9BA7-59CCBBA0BC36}.Release|x86.Build.0 = Release|x86
		{44A48BF9-9A60-460E-8D77-B15BFEF8007A}.Debug|x86.ActiveCfg = Debug|x86
		{44A48BF9-9A60-460E-8D77-B15BFEF8007A}.Debug|x86.Build.0 = Debug|x86
		{44A48BF9-9A60-460E-8D77-B15BFEF8007A}.Release|x86.ActiveCfg = Release|Any CPU
		{30A04B9E-9E53-485B-817B-E3063ACB8EA7}.Debug|x86.ActiveCfg = Debug|x86
		{30A04B9E-9E53-485B-817B-E3063ACB8EA7}.Debug|x86.Build.0 = Debug|x86
		{30A04B9E-9E53-485B-817B-E3063ACB8EA7}.Release|x86.ActiveCfg = Release|Any CPU
		{5DDA94A8-51E1-4E6F-B40E-0243F4A38ABE}.Debug|x86.ActiveCfg = Debug|x86
		{5DDA94A8-51E1-4E6F-B40E-0243F4A38ABE}.Debug|x86.Build.0 = Debug|x86
		{5DDA94A8-51E1-4E6F-B40E-0243F4A38ABE}.Release|x86.ActiveCfg = Release|x86
		{5DDA94A8-51E1-4E6F-B40E-0243F4A38ABE}.Release|x86.Build.0 = Release|x86
	EndGlobalSection
	GlobalSection(SolutionProperties) = preSolution
		HideSolutionNode = FALSE
	EndGlobalSection
EndGlobal
