
Microsoft Visual Studio Solution File, Format Version 9.00
# Visual Studio 2005
Project("{FAE04EC0-301F-11D3-BF4B-00C04F79EFBC}") = "MMI.Facility.Interface", "MMI.Facility.Interface\MMI.Facility.Interface.csproj", "{CB9A9051-182E-4789-BC58-0B35C1B37DD0}"
EndProject
Project("{FAE04EC0-301F-11D3-BF4B-00C04F79EFBC}") = "MMI.Facility.DataType", "..\MMI.Facility.DataType\MMI.Facility.DataType\MMI.Facility.DataType.csproj", "{0C1B7B1D-E64F-43ED-BEBA-620BE781B283}"
EndProject
Project("{FAE04EC0-301F-11D3-BF4B-00C04F79EFBC}") = "MMI.Facility.PublicUI", "..\MMI.Facility.PublicUI\MMI.Facility.PublicUI\MMI.Facility.PublicUI.csproj", "{1EB575D2-E3F0-43EB-936B-F28716B4EFAF}"
EndProject
Project("{FAE04EC0-301F-11D3-BF4B-00C04F79EFBC}") = "MMI_PublicApp", "..\MMI_PublicApp\MMI_PublicApp.csproj", "{510547A8-B38F-4AA1-A969-73B360ABCB35}"
EndProject
Global
	GlobalSection(SolutionConfigurationPlatforms) = preSolution
		Debug|Any CPU = Debug|Any CPU
		Release|Any CPU = Release|Any CPU
	EndGlobalSection
	GlobalSection(ProjectConfigurationPlatforms) = postSolution
		{CB9A9051-182E-4789-BC58-0B35C1B37DD0}.Debug|Any CPU.ActiveCfg = Debug|Any CPU
		{CB9A9051-182E-4789-BC58-0B35C1B37DD0}.Debug|Any CPU.Build.0 = Debug|Any CPU
		{CB9A9051-182E-4789-BC58-0B35C1B37DD0}.Release|Any CPU.ActiveCfg = Release|Any CPU
		{CB9A9051-182E-4789-BC58-0B35C1B37DD0}.Release|Any CPU.Build.0 = Release|Any CPU
		{0C1B7B1D-E64F-43ED-BEBA-620BE781B283}.Debug|Any CPU.ActiveCfg = Debug|Any CPU
		{0C1B7B1D-E64F-43ED-BEBA-620BE781B283}.Debug|Any CPU.Build.0 = Debug|Any CPU
		{0C1B7B1D-E64F-43ED-BEBA-620BE781B283}.Release|Any CPU.ActiveCfg = Release|Any CPU
		{0C1B7B1D-E64F-43ED-BEBA-620BE781B283}.Release|Any CPU.Build.0 = Release|Any CPU
		{1EB575D2-E3F0-43EB-936B-F28716B4EFAF}.Debug|Any CPU.ActiveCfg = Debug|Any CPU
		{1EB575D2-E3F0-43EB-936B-F28716B4EFAF}.Debug|Any CPU.Build.0 = Debug|Any CPU
		{1EB575D2-E3F0-43EB-936B-F28716B4EFAF}.Release|Any CPU.ActiveCfg = Release|Any CPU
		{1EB575D2-E3F0-43EB-936B-F28716B4EFAF}.Release|Any CPU.Build.0 = Release|Any CPU
		{510547A8-B38F-4AA1-A969-73B360ABCB35}.Debug|Any CPU.ActiveCfg = Debug|Any CPU
		{510547A8-B38F-4AA1-A969-73B360ABCB35}.Debug|Any CPU.Build.0 = Debug|Any CPU
		{510547A8-B38F-4AA1-A969-73B360ABCB35}.Release|Any CPU.ActiveCfg = Release|Any CPU
		{510547A8-B38F-4AA1-A969-73B360ABCB35}.Release|Any CPU.Build.0 = Release|Any CPU
	EndGlobalSection
	GlobalSection(SolutionProperties) = preSolution
		HideSolutionNode = FALSE
	EndGlobalSection
EndGlobal
