
Microsoft Visual Studio Solution File, Format Version 12.00
# Visual Studio 2013
VisualStudioVersion = 12.0.30501.0
MinimumVisualStudioVersion = 10.0.40219.1
Project("{FAE04EC0-301F-11D3-BF4B-00C04F79EFBC}") = "Motor.LKJ.2000.Subsystem", "Src\Motor.LKJ.2000.Subsystem\Motor.LKJ.2000.Subsystem.csproj", "{0392535D-C7B4-416D-810A-B74936307520}"
EndProject
Project("{FAE04EC0-301F-11D3-BF4B-00C04F79EFBC}") = "Motor.LKJ.2000.Entity", "Src\Motor.LKJ.2000.Entity\Motor.LKJ.2000.Entity.csproj", "{F1F742C8-649D-4935-9B25-AC8226894197}"
EndProject
Project("{FAE04EC0-301F-11D3-BF4B-00C04F79EFBC}") = "Motor.LKJ.2000.Resource", "Src\Motor.LKJ.2000.Resource\Motor.LKJ.2000.Resource.csproj", "{A444AFC3-A81B-45D9-805E-9E74876B48DE}"
EndProject
Project("{FAE04EC0-301F-11D3-BF4B-00C04F79EFBC}") = "Motor.LKJ.2000.DataAdapter", "Src\Motor.LKJ.2000.DataAdapter\Motor.LKJ.2000.DataAdapter.csproj", "{03C9DC2D-0E7C-449C-9405-ADBCE33047A8}"
EndProject
Global
	GlobalSection(SolutionConfigurationPlatforms) = preSolution
		Debug|x86 = Debug|x86
		Release|x86 = Release|x86
	EndGlobalSection
	GlobalSection(ProjectConfigurationPlatforms) = postSolution
		{0392535D-C7B4-416D-810A-B74936307520}.Debug|x86.ActiveCfg = Debug|x86
		{0392535D-C7B4-416D-810A-B74936307520}.Debug|x86.Build.0 = Debug|x86
		{0392535D-C7B4-416D-810A-B74936307520}.Release|x86.ActiveCfg = Release|x86
		{0392535D-C7B4-416D-810A-B74936307520}.Release|x86.Build.0 = Release|x86
		{F1F742C8-649D-4935-9B25-AC8226894197}.Debug|x86.ActiveCfg = Debug|x86
		{F1F742C8-649D-4935-9B25-AC8226894197}.Debug|x86.Build.0 = Debug|x86
		{F1F742C8-649D-4935-9B25-AC8226894197}.Release|x86.ActiveCfg = Release|x86
		{F1F742C8-649D-4935-9B25-AC8226894197}.Release|x86.Build.0 = Release|x86
		{A444AFC3-A81B-45D9-805E-9E74876B48DE}.Debug|x86.ActiveCfg = Debug|x86
		{A444AFC3-A81B-45D9-805E-9E74876B48DE}.Debug|x86.Build.0 = Debug|x86
		{A444AFC3-A81B-45D9-805E-9E74876B48DE}.Release|x86.ActiveCfg = Release|Any CPU
		{03C9DC2D-0E7C-449C-9405-ADBCE33047A8}.Debug|x86.ActiveCfg = Debug|x86
		{03C9DC2D-0E7C-449C-9405-ADBCE33047A8}.Debug|x86.Build.0 = Debug|x86
		{03C9DC2D-0E7C-449C-9405-ADBCE33047A8}.Release|x86.ActiveCfg = Release|Any CPU
	EndGlobalSection
	GlobalSection(SolutionProperties) = preSolution
		HideSolutionNode = FALSE
	EndGlobalSection
EndGlobal
