
Microsoft Visual Studio Solution File, Format Version 12.00
# Visual Studio 14
VisualStudioVersion = 14.0.23107.0
MinimumVisualStudioVersion = 10.0.40219.1
Project("{FAE04EC0-301F-11D3-BF4B-00C04F79EFBC}") = "Urban.Philippine.Entry", "Urban.Philippine.Entry\Urban.Philippine.Entry.csproj", "{F2A8FFCC-2A80-4D34-9C65-F50B231FC0EC}"
EndProject
Project("{FAE04EC0-301F-11D3-BF4B-00C04F79EFBC}") = "Urban.Phillippine.View", "Urban.Phillippine.View\Urban.Phillippine.View.csproj", "{AD9B800B-F5F4-43E8-9219-A7636785BDF9}"
EndProject
Project("{FAE04EC0-301F-11D3-BF4B-00C04F79EFBC}") = "Urban.Philippine.Adapter", "Urban.Philippine.Adapter\Urban.Philippine.Adapter.csproj", "{85F4D0CA-0DB5-4D5F-8DA5-778C2361922E}"
EndProject
Global
	GlobalSection(SolutionConfigurationPlatforms) = preSolution
		Debug|Any CPU = Debug|Any CPU
		Debug|x86 = Debug|x86
		Release|Any CPU = Release|Any CPU
		Release|x86 = Release|x86
	EndGlobalSection
	GlobalSection(ProjectConfigurationPlatforms) = postSolution
		{F2A8FFCC-2A80-4D34-9C65-F50B231FC0EC}.Debug|Any CPU.ActiveCfg = Debug|Any CPU
		{F2A8FFCC-2A80-4D34-9C65-F50B231FC0EC}.Debug|Any CPU.Build.0 = Debug|Any CPU
		{F2A8FFCC-2A80-4D34-9C65-F50B231FC0EC}.Debug|x86.ActiveCfg = Debug|x86
		{F2A8FFCC-2A80-4D34-9C65-F50B231FC0EC}.Debug|x86.Build.0 = Debug|x86
		{F2A8FFCC-2A80-4D34-9C65-F50B231FC0EC}.Release|Any CPU.ActiveCfg = Release|Any CPU
		{F2A8FFCC-2A80-4D34-9C65-F50B231FC0EC}.Release|Any CPU.Build.0 = Release|Any CPU
		{F2A8FFCC-2A80-4D34-9C65-F50B231FC0EC}.Release|x86.ActiveCfg = Release|x86
		{F2A8FFCC-2A80-4D34-9C65-F50B231FC0EC}.Release|x86.Build.0 = Release|x86
		{AD9B800B-F5F4-43E8-9219-A7636785BDF9}.Debug|Any CPU.ActiveCfg = Debug|Any CPU
		{AD9B800B-F5F4-43E8-9219-A7636785BDF9}.Debug|Any CPU.Build.0 = Debug|Any CPU
		{AD9B800B-F5F4-43E8-9219-A7636785BDF9}.Debug|x86.ActiveCfg = Debug|x86
		{AD9B800B-F5F4-43E8-9219-A7636785BDF9}.Debug|x86.Build.0 = Debug|x86
		{AD9B800B-F5F4-43E8-9219-A7636785BDF9}.Release|Any CPU.ActiveCfg = Release|Any CPU
		{AD9B800B-F5F4-43E8-9219-A7636785BDF9}.Release|Any CPU.Build.0 = Release|Any CPU
		{AD9B800B-F5F4-43E8-9219-A7636785BDF9}.Release|x86.ActiveCfg = Release|x86
		{AD9B800B-F5F4-43E8-9219-A7636785BDF9}.Release|x86.Build.0 = Release|x86
		{85F4D0CA-0DB5-4D5F-8DA5-778C2361922E}.Debug|Any CPU.ActiveCfg = Debug|Any CPU
		{85F4D0CA-0DB5-4D5F-8DA5-778C2361922E}.Debug|Any CPU.Build.0 = Debug|Any CPU
		{85F4D0CA-0DB5-4D5F-8DA5-778C2361922E}.Debug|x86.ActiveCfg = Debug|x86
		{85F4D0CA-0DB5-4D5F-8DA5-778C2361922E}.Debug|x86.Build.0 = Debug|x86
		{85F4D0CA-0DB5-4D5F-8DA5-778C2361922E}.Release|Any CPU.ActiveCfg = Release|Any CPU
		{85F4D0CA-0DB5-4D5F-8DA5-778C2361922E}.Release|Any CPU.Build.0 = Release|Any CPU
		{85F4D0CA-0DB5-4D5F-8DA5-778C2361922E}.Release|x86.ActiveCfg = Release|x86
		{85F4D0CA-0DB5-4D5F-8DA5-778C2361922E}.Release|x86.Build.0 = Release|x86
	EndGlobalSection
	GlobalSection(SolutionProperties) = preSolution
		HideSolutionNode = FALSE
	EndGlobalSection
EndGlobal
