
Microsoft Visual Studio Solution File, Format Version 12.00
# Visual Studio 14
VisualStudioVersion = 14.0.25123.0
MinimumVisualStudioVersion = 10.0.40219.1
Project("{2150E333-8FDC-42A3-9474-1A3956D46DE8}") = "MMI.Communacation", "MMI.Communacation", "{674095CB-0A1C-4CAF-9AD7-12C6BDB12EF8}"
EndProject
Project("{2150E333-8FDC-42A3-9474-1A3956D46DE8}") = "Common", "Common", "{7B1F4B9C-9CFE-4DA7-8915-0E21601F9676}"
EndProject
Project("{FAE04EC0-301F-11D3-BF4B-00C04F79EFBC}") = "CommonUtil", "..\MMICommon\CommonUtil\CommonUtil.csproj", "{500F1847-2FCE-4781-B4B8-064C79AA1108}"
EndProject
Project("{FAE04EC0-301F-11D3-BF4B-00C04F79EFBC}") = "Excel.Interface", "..\MMICommon\Excel.Interface\Excel.Interface.csproj", "{09B1D262-07C6-41A8-A29A-AAC70F82589B}"
EndProject
Project("{2150E333-8FDC-42A3-9474-1A3956D46DE8}") = "Platform", "Platform", "{9059580C-D2AB-4FC1-9CE4-9057D4D0786F}"
EndProject
Project("{2150E333-8FDC-42A3-9474-1A3956D46DE8}") = "Tool", "Tool", "{00317954-5DB5-4053-AC2A-73C79EAA03E5}"
EndProject
Project("{2150E333-8FDC-42A3-9474-1A3956D46DE8}") = "Desktop", "Desktop", "{427A86D7-6490-4D97-A2F2-DD41F75E1422}"
EndProject
Project("{2150E333-8FDC-42A3-9474-1A3956D46DE8}") = "Application", "Application", "{4F15B6D4-79A4-40D5-9D58-080D0EB6287B}"
EndProject
Project("{2150E333-8FDC-42A3-9474-1A3956D46DE8}") = "3rdToolSrc", "3rdToolSrc", "{14764E12-721F-4F65-AA8B-1AABBA54E2D8}"
EndProject
Project("{FAE04EC0-301F-11D3-BF4B-00C04F79EFBC}") = "Mmi.Common.CommunicationIndexWrapper", "..\MMICommon\Mmi.Common.CommunicationIndexWrapper\Mmi.Common.CommunicationIndexWrapper.csproj", "{1ACFD0C7-DE4E-467D-B8A0-A3A44F790E0C}"
EndProject
Project("{FAE04EC0-301F-11D3-BF4B-00C04F79EFBC}") = "Mmi.Communication.Index.Adapter", "..\MMICommon\Mmi.Communication.LogicInterface.Adapter\Mmi.Communication.Index.Adapter.csproj", "{FAEA54F6-E8A6-4935-8697-46B290224DA3}"
EndProject
Project("{2150E333-8FDC-42A3-9474-1A3956D46DE8}") = "Applications", "Applications", "{119EBF4B-4FC1-4653-9096-44A3645DE7C1}"
EndProject
Project("{FAE04EC0-301F-11D3-BF4B-00C04F79EFBC}") = "MMI.Facility.Control", "Src\MMI.Platform\MMI.Facility.Control\MMI.Facility.Control.csproj", "{3E47CC90-90C8-42CA-B623-56D5A3B25A02}"
EndProject
Project("{FAE04EC0-301F-11D3-BF4B-00C04F79EFBC}") = "MMI.Facility.DataType", "Src\MMI.Platform\MMI.Facility.DataType\MMI.Facility.DataType\MMI.Facility.DataType.csproj", "{0C1B7B1D-E64F-43ED-BEBA-620BE781B283}"
EndProject
Project("{FAE04EC0-301F-11D3-BF4B-00C04F79EFBC}") = "MMI.Facility.Interface", "Src\MMI.Platform\MMI.Facility.Interface\MMI.Facility.Interface\MMI.Facility.Interface.csproj", "{CB9A9051-182E-4789-BC58-0B35C1B37DD0}"
EndProject
Project("{FAE04EC0-301F-11D3-BF4B-00C04F79EFBC}") = "MMI.Facility.View", "Src\MMI.Platform\MMI.Facility.View\MMI.Facility.View.csproj", "{22F2DE30-11DB-43E9-81AA-71459649E5F6}"
EndProject
Project("{FAE04EC0-301F-11D3-BF4B-00C04F79EFBC}") = "MMI.Facility.WPFInfrastructure", "Src\MMI.Platform\MMI.Facility.WPFInfrastructure\MMI.Facility.WPFInfrastructure.csproj", "{D478F798-CED9-4812-96BB-690F640979C4}"
EndProject
Project("{FAE04EC0-301F-11D3-BF4B-00C04F79EFBC}") = "MMI_PublicApp", "Src\MMI.Platform\MMI_PublicApp\MMI_PublicApp.csproj", "{510547A8-B38F-4AA1-A969-73B360ABCB35}"
EndProject
Project("{FAE04EC0-301F-11D3-BF4B-00C04F79EFBC}") = "MMITool.Platform", "Src\MMI.Tools\Desktop\MMITool.Platform\MMITool.Platform.csproj", "{E01550C5-60AF-413F-84D9-07BD6B415768}"
EndProject
Project("{FAE04EC0-301F-11D3-BF4B-00C04F79EFBC}") = "MMITool.Infrastructure", "Src\MMI.Tools\Desktop\MMITool.Infrastructure\MMITool.Infrastructure.csproj", "{EFCDD6E9-B6B8-4F1F-BAB0-43C6E285BE99}"
EndProject
Project("{FAE04EC0-301F-11D3-BF4B-00C04F79EFBC}") = "MMITool.Common", "Src\MMI.Tools\Desktop\MMITool.Common\MMITool.Common.csproj", "{63B96D86-D018-4064-A40C-829DF8F8DA66}"
EndProject
Project("{FAE04EC0-301F-11D3-BF4B-00C04F79EFBC}") = "MMITool.Addin.MMIConfiguration", "Src\MMI.Tools\Desktop\Application\MMITool.MMIConfiguration\MMITool.Addin.MMIConfiguration.csproj", "{232BB731-1667-4C93-8DD5-96C6E1617DDB}"
EndProject
Project("{FAE04EC0-301F-11D3-BF4B-00C04F79EFBC}") = "ES.Facility.PublicModule", "Src\MMI.Utils\ES.Facility.PublicModule\ES.Facility.PublicModule.csproj", "{4173BC47-1EC6-4658-8E8C-B23F2378701D}"
EndProject
Project("{FAE04EC0-301F-11D3-BF4B-00C04F79EFBC}") = "TestSubsystem", "Src\MMI.Application\TestSubsystem\TestSubsystem.csproj", "{A82D2C1D-D8D5-49D8-A153-281D04585048}"
EndProject
Project("{FAE04EC0-301F-11D3-BF4B-00C04F79EFBC}") = "TestSubsystem1", "Src\MMI.Application\TestSubsystem1\TestSubsystem1.csproj", "{0E54BD1A-9D33-4322-8437-9411F2C8D50B}"
EndProject
Project("{FAE04EC0-301F-11D3-BF4B-00C04F79EFBC}") = "MMI.Communacation.Interface", "Src\MMI.Communacation\MMI.Communacation.Interface\MMI.Communacation.Interface.csproj", "{CFC49A76-ABDD-4873-ABA1-AA264AD6944A}"
EndProject
Project("{FAE04EC0-301F-11D3-BF4B-00C04F79EFBC}") = "MMI.Communacation.Control", "Src\MMI.Communacation\MMI.Communacation.Control\MMI.Communacation.Control.csproj", "{A24B23BA-61CC-4C3F-9686-55C09B64AA3A}"
EndProject
Project("{2150E333-8FDC-42A3-9474-1A3956D46DE8}") = "Tester", "Tester", "{46D7AFC8-F208-46A0-9BFC-8FD28C394DAC}"
EndProject
Project("{FAE04EC0-301F-11D3-BF4B-00C04F79EFBC}") = "MMI.Tester.BatchDataSender", "Src\MMI.Tester\MMI.Tester.BatchDataSender\MMI.Tester.BatchDataSender.csproj", "{32C2206B-9F33-40D9-B282-8C6B838B7A5C}"
EndProject
Project("{FAE04EC0-301F-11D3-BF4B-00C04F79EFBC}") = "MMI.YDCommunicationWrapper", "Src\MMI.Communacation\MMI.YDCommunicationWrapper\MMI.YDCommunicationWrapper.csproj", "{6CE3616D-4B60-4C06-9FC3-A9FF6C63FC0D}"
EndProject
Project("{FAE04EC0-301F-11D3-BF4B-00C04F79EFBC}") = "MMITool.Addin.YdConfigCreater", "Src\MMI.Tools\Desktop\Application\MMITool.YdConfigCreater\MMITool.Addin.YdConfigCreater.csproj", "{2270195C-1ECA-4951-AF4B-B4B72B297310}"
EndProject
Global
	GlobalSection(SolutionConfigurationPlatforms) = preSolution
		Debug|x86 = Debug|x86
		Release|x86 = Release|x86
		Test|x86 = Test|x86
	EndGlobalSection
	GlobalSection(ProjectConfigurationPlatforms) = postSolution
		{500F1847-2FCE-4781-B4B8-064C79AA1108}.Debug|x86.ActiveCfg = Debug|x86
		{500F1847-2FCE-4781-B4B8-064C79AA1108}.Debug|x86.Build.0 = Debug|x86
		{500F1847-2FCE-4781-B4B8-064C79AA1108}.Release|x86.ActiveCfg = Release|x86
		{500F1847-2FCE-4781-B4B8-064C79AA1108}.Release|x86.Build.0 = Release|x86
		{500F1847-2FCE-4781-B4B8-064C79AA1108}.Test|x86.ActiveCfg = Release|Any CPU
		{09B1D262-07C6-41A8-A29A-AAC70F82589B}.Debug|x86.ActiveCfg = Debug|x86
		{09B1D262-07C6-41A8-A29A-AAC70F82589B}.Debug|x86.Build.0 = Debug|x86
		{09B1D262-07C6-41A8-A29A-AAC70F82589B}.Release|x86.ActiveCfg = Release|Any CPU
		{09B1D262-07C6-41A8-A29A-AAC70F82589B}.Test|x86.ActiveCfg = Release|Any CPU
		{1ACFD0C7-DE4E-467D-B8A0-A3A44F790E0C}.Debug|x86.ActiveCfg = Debug|x86
		{1ACFD0C7-DE4E-467D-B8A0-A3A44F790E0C}.Debug|x86.Build.0 = Debug|x86
		{1ACFD0C7-DE4E-467D-B8A0-A3A44F790E0C}.Release|x86.ActiveCfg = Release|Any CPU
		{1ACFD0C7-DE4E-467D-B8A0-A3A44F790E0C}.Test|x86.ActiveCfg = Release|Any CPU
		{FAEA54F6-E8A6-4935-8697-46B290224DA3}.Debug|x86.ActiveCfg = Debug|x86
		{FAEA54F6-E8A6-4935-8697-46B290224DA3}.Debug|x86.Build.0 = Debug|x86
		{FAEA54F6-E8A6-4935-8697-46B290224DA3}.Release|x86.ActiveCfg = Release|x86
		{FAEA54F6-E8A6-4935-8697-46B290224DA3}.Release|x86.Build.0 = Release|x86
		{FAEA54F6-E8A6-4935-8697-46B290224DA3}.Test|x86.ActiveCfg = Release|x86
		{FAEA54F6-E8A6-4935-8697-46B290224DA3}.Test|x86.Build.0 = Release|x86
		{3E47CC90-90C8-42CA-B623-56D5A3B25A02}.Debug|x86.ActiveCfg = Debug|x86
		{3E47CC90-90C8-42CA-B623-56D5A3B25A02}.Debug|x86.Build.0 = Debug|x86
		{3E47CC90-90C8-42CA-B623-56D5A3B25A02}.Release|x86.ActiveCfg = Release|x86
		{3E47CC90-90C8-42CA-B623-56D5A3B25A02}.Release|x86.Build.0 = Release|x86
		{3E47CC90-90C8-42CA-B623-56D5A3B25A02}.Test|x86.ActiveCfg = Release|x86
		{3E47CC90-90C8-42CA-B623-56D5A3B25A02}.Test|x86.Build.0 = Release|x86
		{0C1B7B1D-E64F-43ED-BEBA-620BE781B283}.Debug|x86.ActiveCfg = Debug|x86
		{0C1B7B1D-E64F-43ED-BEBA-620BE781B283}.Debug|x86.Build.0 = Debug|x86
		{0C1B7B1D-E64F-43ED-BEBA-620BE781B283}.Release|x86.ActiveCfg = Release|x86
		{0C1B7B1D-E64F-43ED-BEBA-620BE781B283}.Release|x86.Build.0 = Release|x86
		{0C1B7B1D-E64F-43ED-BEBA-620BE781B283}.Test|x86.ActiveCfg = Release|x86
		{0C1B7B1D-E64F-43ED-BEBA-620BE781B283}.Test|x86.Build.0 = Release|x86
		{CB9A9051-182E-4789-BC58-0B35C1B37DD0}.Debug|x86.ActiveCfg = Debug|x86
		{CB9A9051-182E-4789-BC58-0B35C1B37DD0}.Debug|x86.Build.0 = Debug|x86
		{CB9A9051-182E-4789-BC58-0B35C1B37DD0}.Release|x86.ActiveCfg = Release|x86
		{CB9A9051-182E-4789-BC58-0B35C1B37DD0}.Release|x86.Build.0 = Release|x86
		{CB9A9051-182E-4789-BC58-0B35C1B37DD0}.Test|x86.ActiveCfg = Release|x86
		{CB9A9051-182E-4789-BC58-0B35C1B37DD0}.Test|x86.Build.0 = Release|x86
		{22F2DE30-11DB-43E9-81AA-71459649E5F6}.Debug|x86.ActiveCfg = Debug|x86
		{22F2DE30-11DB-43E9-81AA-71459649E5F6}.Debug|x86.Build.0 = Debug|x86
		{22F2DE30-11DB-43E9-81AA-71459649E5F6}.Release|x86.ActiveCfg = Release|x86
		{22F2DE30-11DB-43E9-81AA-71459649E5F6}.Release|x86.Build.0 = Release|x86
		{22F2DE30-11DB-43E9-81AA-71459649E5F6}.Test|x86.ActiveCfg = Release|x86
		{22F2DE30-11DB-43E9-81AA-71459649E5F6}.Test|x86.Build.0 = Release|x86
		{D478F798-CED9-4812-96BB-690F640979C4}.Debug|x86.ActiveCfg = Debug|x86
		{D478F798-CED9-4812-96BB-690F640979C4}.Debug|x86.Build.0 = Debug|x86
		{D478F798-CED9-4812-96BB-690F640979C4}.Release|x86.ActiveCfg = Release|x86
		{D478F798-CED9-4812-96BB-690F640979C4}.Release|x86.Build.0 = Release|x86
		{D478F798-CED9-4812-96BB-690F640979C4}.Test|x86.ActiveCfg = Release|x86
		{D478F798-CED9-4812-96BB-690F640979C4}.Test|x86.Build.0 = Release|x86
		{510547A8-B38F-4AA1-A969-73B360ABCB35}.Debug|x86.ActiveCfg = Debug|x86
		{510547A8-B38F-4AA1-A969-73B360ABCB35}.Debug|x86.Build.0 = Debug|x86
		{510547A8-B38F-4AA1-A969-73B360ABCB35}.Release|x86.ActiveCfg = Release|x86
		{510547A8-B38F-4AA1-A969-73B360ABCB35}.Release|x86.Build.0 = Release|x86
		{510547A8-B38F-4AA1-A969-73B360ABCB35}.Test|x86.ActiveCfg = Release|x86
		{510547A8-B38F-4AA1-A969-73B360ABCB35}.Test|x86.Build.0 = Release|x86
		{E01550C5-60AF-413F-84D9-07BD6B415768}.Debug|x86.ActiveCfg = Debug|x86
		{E01550C5-60AF-413F-84D9-07BD6B415768}.Debug|x86.Build.0 = Debug|x86
		{E01550C5-60AF-413F-84D9-07BD6B415768}.Release|x86.ActiveCfg = Release|x86
		{E01550C5-60AF-413F-84D9-07BD6B415768}.Release|x86.Build.0 = Release|x86
		{E01550C5-60AF-413F-84D9-07BD6B415768}.Test|x86.ActiveCfg = Release|x86
		{E01550C5-60AF-413F-84D9-07BD6B415768}.Test|x86.Build.0 = Release|x86
		{EFCDD6E9-B6B8-4F1F-BAB0-43C6E285BE99}.Debug|x86.ActiveCfg = Debug|x86
		{EFCDD6E9-B6B8-4F1F-BAB0-43C6E285BE99}.Debug|x86.Build.0 = Debug|x86
		{EFCDD6E9-B6B8-4F1F-BAB0-43C6E285BE99}.Release|x86.ActiveCfg = Release|x86
		{EFCDD6E9-B6B8-4F1F-BAB0-43C6E285BE99}.Release|x86.Build.0 = Release|x86
		{EFCDD6E9-B6B8-4F1F-BAB0-43C6E285BE99}.Test|x86.ActiveCfg = Release|x86
		{EFCDD6E9-B6B8-4F1F-BAB0-43C6E285BE99}.Test|x86.Build.0 = Release|x86
		{63B96D86-D018-4064-A40C-829DF8F8DA66}.Debug|x86.ActiveCfg = Debug|x86
		{63B96D86-D018-4064-A40C-829DF8F8DA66}.Debug|x86.Build.0 = Debug|x86
		{63B96D86-D018-4064-A40C-829DF8F8DA66}.Release|x86.ActiveCfg = Release|x86
		{63B96D86-D018-4064-A40C-829DF8F8DA66}.Release|x86.Build.0 = Release|x86
		{63B96D86-D018-4064-A40C-829DF8F8DA66}.Test|x86.ActiveCfg = Release|x86
		{63B96D86-D018-4064-A40C-829DF8F8DA66}.Test|x86.Build.0 = Release|x86
		{232BB731-1667-4C93-8DD5-96C6E1617DDB}.Debug|x86.ActiveCfg = Debug|x86
		{232BB731-1667-4C93-8DD5-96C6E1617DDB}.Release|x86.ActiveCfg = Release|x86
		{232BB731-1667-4C93-8DD5-96C6E1617DDB}.Release|x86.Build.0 = Release|x86
		{232BB731-1667-4C93-8DD5-96C6E1617DDB}.Test|x86.ActiveCfg = Release|x86
		{232BB731-1667-4C93-8DD5-96C6E1617DDB}.Test|x86.Build.0 = Release|x86
		{4173BC47-1EC6-4658-8E8C-B23F2378701D}.Debug|x86.ActiveCfg = Debug|x86
		{4173BC47-1EC6-4658-8E8C-B23F2378701D}.Debug|x86.Build.0 = Debug|x86
		{4173BC47-1EC6-4658-8E8C-B23F2378701D}.Release|x86.ActiveCfg = Release|x86
		{4173BC47-1EC6-4658-8E8C-B23F2378701D}.Release|x86.Build.0 = Release|x86
		{4173BC47-1EC6-4658-8E8C-B23F2378701D}.Test|x86.ActiveCfg = Release|x86
		{4173BC47-1EC6-4658-8E8C-B23F2378701D}.Test|x86.Build.0 = Release|x86
		{A82D2C1D-D8D5-49D8-A153-281D04585048}.Debug|x86.ActiveCfg = Debug|x86
		{A82D2C1D-D8D5-49D8-A153-281D04585048}.Debug|x86.Build.0 = Debug|x86
		{A82D2C1D-D8D5-49D8-A153-281D04585048}.Release|x86.ActiveCfg = Release|x86
		{A82D2C1D-D8D5-49D8-A153-281D04585048}.Release|x86.Build.0 = Release|x86
		{A82D2C1D-D8D5-49D8-A153-281D04585048}.Test|x86.ActiveCfg = Release|x86
		{A82D2C1D-D8D5-49D8-A153-281D04585048}.Test|x86.Build.0 = Release|x86
		{0E54BD1A-9D33-4322-8437-9411F2C8D50B}.Debug|x86.ActiveCfg = Debug|x86
		{0E54BD1A-9D33-4322-8437-9411F2C8D50B}.Debug|x86.Build.0 = Debug|x86
		{0E54BD1A-9D33-4322-8437-9411F2C8D50B}.Release|x86.ActiveCfg = Release|x86
		{0E54BD1A-9D33-4322-8437-9411F2C8D50B}.Release|x86.Build.0 = Release|x86
		{0E54BD1A-9D33-4322-8437-9411F2C8D50B}.Test|x86.ActiveCfg = Release|x86
		{0E54BD1A-9D33-4322-8437-9411F2C8D50B}.Test|x86.Build.0 = Release|x86
		{CFC49A76-ABDD-4873-ABA1-AA264AD6944A}.Debug|x86.ActiveCfg = Debug|x86
		{CFC49A76-ABDD-4873-ABA1-AA264AD6944A}.Debug|x86.Build.0 = Debug|x86
		{CFC49A76-ABDD-4873-ABA1-AA264AD6944A}.Release|x86.ActiveCfg = Release|x86
		{CFC49A76-ABDD-4873-ABA1-AA264AD6944A}.Release|x86.Build.0 = Release|x86
		{CFC49A76-ABDD-4873-ABA1-AA264AD6944A}.Test|x86.ActiveCfg = Release|x86
		{CFC49A76-ABDD-4873-ABA1-AA264AD6944A}.Test|x86.Build.0 = Release|x86
		{A24B23BA-61CC-4C3F-9686-55C09B64AA3A}.Debug|x86.ActiveCfg = Debug|x86
		{A24B23BA-61CC-4C3F-9686-55C09B64AA3A}.Debug|x86.Build.0 = Debug|x86
		{A24B23BA-61CC-4C3F-9686-55C09B64AA3A}.Release|x86.ActiveCfg = Release|x86
		{A24B23BA-61CC-4C3F-9686-55C09B64AA3A}.Release|x86.Build.0 = Release|x86
		{A24B23BA-61CC-4C3F-9686-55C09B64AA3A}.Test|x86.ActiveCfg = Release|x86
		{A24B23BA-61CC-4C3F-9686-55C09B64AA3A}.Test|x86.Build.0 = Release|x86
		{32C2206B-9F33-40D9-B282-8C6B838B7A5C}.Debug|x86.ActiveCfg = Debug|x86
		{32C2206B-9F33-40D9-B282-8C6B838B7A5C}.Debug|x86.Build.0 = Debug|x86
		{32C2206B-9F33-40D9-B282-8C6B838B7A5C}.Release|x86.ActiveCfg = Release|Any CPU
		{32C2206B-9F33-40D9-B282-8C6B838B7A5C}.Test|x86.ActiveCfg = Release|Any CPU
		{6CE3616D-4B60-4C06-9FC3-A9FF6C63FC0D}.Debug|x86.ActiveCfg = Debug|x86
		{6CE3616D-4B60-4C06-9FC3-A9FF6C63FC0D}.Debug|x86.Build.0 = Debug|x86
		{6CE3616D-4B60-4C06-9FC3-A9FF6C63FC0D}.Release|x86.ActiveCfg = Release|Any CPU
		{6CE3616D-4B60-4C06-9FC3-A9FF6C63FC0D}.Release|x86.Build.0 = Release|Any CPU
		{6CE3616D-4B60-4C06-9FC3-A9FF6C63FC0D}.Test|x86.ActiveCfg = Release|Any CPU
		{6CE3616D-4B60-4C06-9FC3-A9FF6C63FC0D}.Test|x86.Build.0 = Release|Any CPU
		{2270195C-1ECA-4951-AF4B-B4B72B297310}.Debug|x86.ActiveCfg = Debug|x86
		{2270195C-1ECA-4951-AF4B-B4B72B297310}.Debug|x86.Build.0 = Debug|x86
		{2270195C-1ECA-4951-AF4B-B4B72B297310}.Release|x86.ActiveCfg = Release|Any CPU
		{2270195C-1ECA-4951-AF4B-B4B72B297310}.Release|x86.Build.0 = Release|Any CPU
		{2270195C-1ECA-4951-AF4B-B4B72B297310}.Test|x86.ActiveCfg = Release|Any CPU
		{2270195C-1ECA-4951-AF4B-B4B72B297310}.Test|x86.Build.0 = Release|Any CPU
	EndGlobalSection
	GlobalSection(SolutionProperties) = preSolution
		HideSolutionNode = FALSE
	EndGlobalSection
	GlobalSection(NestedProjects) = preSolution
		{500F1847-2FCE-4781-B4B8-064C79AA1108} = {7B1F4B9C-9CFE-4DA7-8915-0E21601F9676}
		{09B1D262-07C6-41A8-A29A-AAC70F82589B} = {7B1F4B9C-9CFE-4DA7-8915-0E21601F9676}
		{427A86D7-6490-4D97-A2F2-DD41F75E1422} = {00317954-5DB5-4053-AC2A-73C79EAA03E5}
		{4F15B6D4-79A4-40D5-9D58-080D0EB6287B} = {427A86D7-6490-4D97-A2F2-DD41F75E1422}
		{14764E12-721F-4F65-AA8B-1AABBA54E2D8} = {427A86D7-6490-4D97-A2F2-DD41F75E1422}
		{1ACFD0C7-DE4E-467D-B8A0-A3A44F790E0C} = {7B1F4B9C-9CFE-4DA7-8915-0E21601F9676}
		{FAEA54F6-E8A6-4935-8697-46B290224DA3} = {7B1F4B9C-9CFE-4DA7-8915-0E21601F9676}
		{3E47CC90-90C8-42CA-B623-56D5A3B25A02} = {9059580C-D2AB-4FC1-9CE4-9057D4D0786F}
		{0C1B7B1D-E64F-43ED-BEBA-620BE781B283} = {9059580C-D2AB-4FC1-9CE4-9057D4D0786F}
		{CB9A9051-182E-4789-BC58-0B35C1B37DD0} = {9059580C-D2AB-4FC1-9CE4-9057D4D0786F}
		{22F2DE30-11DB-43E9-81AA-71459649E5F6} = {9059580C-D2AB-4FC1-9CE4-9057D4D0786F}
		{D478F798-CED9-4812-96BB-690F640979C4} = {9059580C-D2AB-4FC1-9CE4-9057D4D0786F}
		{510547A8-B38F-4AA1-A969-73B360ABCB35} = {9059580C-D2AB-4FC1-9CE4-9057D4D0786F}
		{E01550C5-60AF-413F-84D9-07BD6B415768} = {427A86D7-6490-4D97-A2F2-DD41F75E1422}
		{EFCDD6E9-B6B8-4F1F-BAB0-43C6E285BE99} = {427A86D7-6490-4D97-A2F2-DD41F75E1422}
		{63B96D86-D018-4064-A40C-829DF8F8DA66} = {427A86D7-6490-4D97-A2F2-DD41F75E1422}
		{232BB731-1667-4C93-8DD5-96C6E1617DDB} = {4F15B6D4-79A4-40D5-9D58-080D0EB6287B}
		{4173BC47-1EC6-4658-8E8C-B23F2378701D} = {7B1F4B9C-9CFE-4DA7-8915-0E21601F9676}
		{A82D2C1D-D8D5-49D8-A153-281D04585048} = {119EBF4B-4FC1-4653-9096-44A3645DE7C1}
		{0E54BD1A-9D33-4322-8437-9411F2C8D50B} = {119EBF4B-4FC1-4653-9096-44A3645DE7C1}
		{CFC49A76-ABDD-4873-ABA1-AA264AD6944A} = {674095CB-0A1C-4CAF-9AD7-12C6BDB12EF8}
		{A24B23BA-61CC-4C3F-9686-55C09B64AA3A} = {674095CB-0A1C-4CAF-9AD7-12C6BDB12EF8}
		{46D7AFC8-F208-46A0-9BFC-8FD28C394DAC} = {9059580C-D2AB-4FC1-9CE4-9057D4D0786F}
		{32C2206B-9F33-40D9-B282-8C6B838B7A5C} = {46D7AFC8-F208-46A0-9BFC-8FD28C394DAC}
		{6CE3616D-4B60-4C06-9FC3-A9FF6C63FC0D} = {674095CB-0A1C-4CAF-9AD7-12C6BDB12EF8}
		{2270195C-1ECA-4951-AF4B-B4B72B297310} = {4F15B6D4-79A4-40D5-9D58-080D0EB6287B}
	EndGlobalSection
EndGlobal
