
Microsoft Visual Studio Solution File, Format Version 12.00
# Visual Studio 14
VisualStudioVersion = 14.0.25123.0
MinimumVisualStudioVersion = 10.0.40219.1
Project("{FAE04EC0-301F-11D3-BF4B-00C04F79EFBC}") = "Subway.XiaMenLine1.Interface", "Src\Subway.XiaMenLine1.Interface\Subway.XiaMenLine1.Interface.csproj", "{60DAC62B-BBAD-4054-A404-B0C2B1B68A13}"
EndProject
Project("{FAE04EC0-301F-11D3-BF4B-00C04F79EFBC}") = "Subway.XiaMenLine1.Subsystem", "Src\Subway.XiaMenLine1.Subsystem\Subway.XiaMenLine1.Subsystem.csproj", "{9026B518-B640-4272-9CD7-593277EE85AF}"
EndProject
Global
	GlobalSection(SolutionConfigurationPlatforms) = preSolution
		Debug|x86 = Debug|x86
		Release|x86 = Release|x86
	EndGlobalSection
	GlobalSection(ProjectConfigurationPlatforms) = postSolution
		{60DAC62B-BBAD-4054-A404-B0C2B1B68A13}.Debug|x86.ActiveCfg = Debug|x86
		{60DAC62B-BBAD-4054-A404-B0C2B1B68A13}.Debug|x86.Build.0 = Debug|x86
		{60DAC62B-BBAD-4054-A404-B0C2B1B68A13}.Release|x86.ActiveCfg = Release|x86
		{60DAC62B-BBAD-4054-A404-B0C2B1B68A13}.Release|x86.Build.0 = Release|x86
		{9026B518-B640-4272-9CD7-593277EE85AF}.Debug|x86.ActiveCfg = Debug|x86
		{9026B518-B640-4272-9CD7-593277EE85AF}.Debug|x86.Build.0 = Debug|x86
		{9026B518-B640-4272-9CD7-593277EE85AF}.Release|x86.ActiveCfg = Release|x86
		{9026B518-B640-4272-9CD7-593277EE85AF}.Release|x86.Build.0 = Release|x86
	EndGlobalSection
	GlobalSection(SolutionProperties) = preSolution
		HideSolutionNode = FALSE
	EndGlobalSection
EndGlobal
