
Microsoft Visual Studio Solution File, Format Version 12.00
# Visual Studio 14
VisualStudioVersion = 14.0.25123.0
MinimumVisualStudioVersion = 10.0.40219.1
Project("{FAE04EC0-301F-11D3-BF4B-00C04F79EFBC}") = "DialScreen", "Src\DialScreen\DialScreen.csproj", "{C76EEF67-E6C6-4A54-B25F-1BDE628330AB}"
EndProject
Project("{FAE04EC0-301F-11D3-BF4B-00C04F79EFBC}") = "KMVT", "Src\KMVT\KMVT.csproj", "{0FA151C0-3105-483D-B5D5-D83C0BFC00F1}"
EndProject
Project("{FAE04EC0-301F-11D3-BF4B-00C04F79EFBC}") = "KunM_MMI", "Src\KumM_MMI\KunM_MMI.csproj", "{B40BEE3F-DC21-421F-8157-B4357407B067}"
EndProject
Project("{FAE04EC0-301F-11D3-BF4B-00C04F79EFBC}") = "KunM_TMS", "Src\KumM_TMS\KunM_TMS.csproj", "{DD836FC8-1F05-4807-853E-DC89441A5AFE}"
EndProject
Global
	GlobalSection(SolutionConfigurationPlatforms) = preSolution
		Debug|x86 = Debug|x86
		Release|x86 = Release|x86
	EndGlobalSection
	GlobalSection(ProjectConfigurationPlatforms) = postSolution
		{C76EEF67-E6C6-4A54-B25F-1BDE628330AB}.Debug|x86.ActiveCfg = Debug|x86
		{C76EEF67-E6C6-4A54-B25F-1BDE628330AB}.Debug|x86.Build.0 = Debug|x86
		{C76EEF67-E6C6-4A54-B25F-1BDE628330AB}.Release|x86.ActiveCfg = Release|x86
		{C76EEF67-E6C6-4A54-B25F-1BDE628330AB}.Release|x86.Build.0 = Release|x86
		{0FA151C0-3105-483D-B5D5-D83C0BFC00F1}.Debug|x86.ActiveCfg = Debug|x86
		{0FA151C0-3105-483D-B5D5-D83C0BFC00F1}.Debug|x86.Build.0 = Debug|x86
		{0FA151C0-3105-483D-B5D5-D83C0BFC00F1}.Release|x86.ActiveCfg = Release|x86
		{0FA151C0-3105-483D-B5D5-D83C0BFC00F1}.Release|x86.Build.0 = Release|x86
		{B40BEE3F-DC21-421F-8157-B4357407B067}.Debug|x86.ActiveCfg = Debug|x86
		{B40BEE3F-DC21-421F-8157-B4357407B067}.Debug|x86.Build.0 = Debug|x86
		{B40BEE3F-DC21-421F-8157-B4357407B067}.Release|x86.ActiveCfg = Release|x86
		{B40BEE3F-DC21-421F-8157-B4357407B067}.Release|x86.Build.0 = Release|x86
		{DD836FC8-1F05-4807-853E-DC89441A5AFE}.Debug|x86.ActiveCfg = Debug|x86
		{DD836FC8-1F05-4807-853E-DC89441A5AFE}.Debug|x86.Build.0 = Debug|x86
		{DD836FC8-1F05-4807-853E-DC89441A5AFE}.Release|x86.ActiveCfg = Release|x86
		{DD836FC8-1F05-4807-853E-DC89441A5AFE}.Release|x86.Build.0 = Release|x86
	EndGlobalSection
	GlobalSection(SolutionProperties) = preSolution
		HideSolutionNode = FALSE
	EndGlobalSection
EndGlobal
