
Microsoft Visual Studio Solution File, Format Version 12.00
# Visual Studio 14
VisualStudioVersion = 14.0.25123.0
MinimumVisualStudioVersion = 10.0.40219.1
Project("{2150E333-8FDC-42A3-9474-1A3956D46DE8}") = "Urban.Iran.HMI", "Urban.Iran.HMI", "{ACA62BEB-F04D-4CF8-8CC3-C33716CA1D34}"
EndProject
Project("{2150E333-8FDC-42A3-9474-1A3956D46DE8}") = "Urban.Iran.DMI", "Urban.Iran.DMI", "{066AC5DA-E29E-4458-BD9E-F2C06DAACD4B}"
EndProject
Project("{FAE04EC0-301F-11D3-BF4B-00C04F79EFBC}") = "Urban.Domain.TrainState.Model", "..\Urban.Domain.TrainState.Model\Urban.Domain.TrainState.Model.csproj", "{319C4E0E-3DFD-4806-BEC7-1014AB9AD709}"
EndProject
Project("{FAE04EC0-301F-11D3-BF4B-00C04F79EFBC}") = "Urban.Domain.TrainState.Interface", "..\Urban.Domain.TrainState.Interface\Urban.Domain.TrainState.Interface.csproj", "{EEF968DC-1D30-4B8D-BE15-148DCF8BF231}"
EndProject
Project("{FAE04EC0-301F-11D3-BF4B-00C04F79EFBC}") = "Urban.Iran.HMI", "Src\Urban.Iran.HMI\IranHMI\Urban.Iran.HMI.csproj", "{4BD544E5-AEAE-4763-9958-B66F24D2F3DC}"
EndProject
Project("{FAE04EC0-301F-11D3-BF4B-00C04F79EFBC}") = "Urban.Iran.DMI", "Src\Urban.Iran.DMI\Urban.Iran.DMI.csproj", "{4694F456-C0FB-4B3A-8039-3DF8509CF0FE}"
EndProject
Project("{FAE04EC0-301F-11D3-BF4B-00C04F79EFBC}") = "Urban.Iran.DMI.Resources.Facade", "Src\Urban.Iran.DMI.Resources\Urban.Iran.DMI.Resources.Facade.csproj", "{69A49A26-C26C-4E21-B2E9-07B32AF3E614}"
EndProject
Project("{FAE04EC0-301F-11D3-BF4B-00C04F79EFBC}") = "Urban.Iran.DMI.Resources.en-US", "Src\Urban.Iran.DMI.Resources.En\Urban.Iran.DMI.Resources.en-US.csproj", "{70D9BDEA-934E-4983-AD3B-03D58A1E1C61}"
EndProject
Global
	GlobalSection(SolutionConfigurationPlatforms) = preSolution
		Debug|x86 = Debug|x86
		Release|x86 = Release|x86
	EndGlobalSection
	GlobalSection(ProjectConfigurationPlatforms) = postSolution
		{319C4E0E-3DFD-4806-BEC7-1014AB9AD709}.Debug|x86.ActiveCfg = Debug|x86
		{319C4E0E-3DFD-4806-BEC7-1014AB9AD709}.Debug|x86.Build.0 = Debug|x86
		{319C4E0E-3DFD-4806-BEC7-1014AB9AD709}.Release|x86.ActiveCfg = Release|x86
		{319C4E0E-3DFD-4806-BEC7-1014AB9AD709}.Release|x86.Build.0 = Release|x86
		{EEF968DC-1D30-4B8D-BE15-148DCF8BF231}.Debug|x86.ActiveCfg = Debug|x86
		{EEF968DC-1D30-4B8D-BE15-148DCF8BF231}.Debug|x86.Build.0 = Debug|x86
		{EEF968DC-1D30-4B8D-BE15-148DCF8BF231}.Release|x86.ActiveCfg = Release|x86
		{EEF968DC-1D30-4B8D-BE15-148DCF8BF231}.Release|x86.Build.0 = Release|x86
		{4BD544E5-AEAE-4763-9958-B66F24D2F3DC}.Debug|x86.ActiveCfg = Debug|x86
		{4BD544E5-AEAE-4763-9958-B66F24D2F3DC}.Debug|x86.Build.0 = Debug|x86
		{4BD544E5-AEAE-4763-9958-B66F24D2F3DC}.Release|x86.ActiveCfg = Release|x86
		{4BD544E5-AEAE-4763-9958-B66F24D2F3DC}.Release|x86.Build.0 = Release|x86
		{4694F456-C0FB-4B3A-8039-3DF8509CF0FE}.Debug|x86.ActiveCfg = Debug|x86
		{4694F456-C0FB-4B3A-8039-3DF8509CF0FE}.Debug|x86.Build.0 = Debug|x86
		{4694F456-C0FB-4B3A-8039-3DF8509CF0FE}.Release|x86.ActiveCfg = Release|x86
		{4694F456-C0FB-4B3A-8039-3DF8509CF0FE}.Release|x86.Build.0 = Release|x86
		{69A49A26-C26C-4E21-B2E9-07B32AF3E614}.Debug|x86.ActiveCfg = Debug|x86
		{69A49A26-C26C-4E21-B2E9-07B32AF3E614}.Debug|x86.Build.0 = Debug|x86
		{69A49A26-C26C-4E21-B2E9-07B32AF3E614}.Release|x86.ActiveCfg = Release|x86
		{69A49A26-C26C-4E21-B2E9-07B32AF3E614}.Release|x86.Build.0 = Release|x86
		{70D9BDEA-934E-4983-AD3B-03D58A1E1C61}.Debug|x86.ActiveCfg = Debug|x86
		{70D9BDEA-934E-4983-AD3B-03D58A1E1C61}.Debug|x86.Build.0 = Debug|x86
		{70D9BDEA-934E-4983-AD3B-03D58A1E1C61}.Release|x86.ActiveCfg = Release|x86
		{70D9BDEA-934E-4983-AD3B-03D58A1E1C61}.Release|x86.Build.0 = Release|x86
	EndGlobalSection
	GlobalSection(SolutionProperties) = preSolution
		HideSolutionNode = FALSE
	EndGlobalSection
	GlobalSection(NestedProjects) = preSolution
		{319C4E0E-3DFD-4806-BEC7-1014AB9AD709} = {ACA62BEB-F04D-4CF8-8CC3-C33716CA1D34}
		{EEF968DC-1D30-4B8D-BE15-148DCF8BF231} = {ACA62BEB-F04D-4CF8-8CC3-C33716CA1D34}
		{4BD544E5-AEAE-4763-9958-B66F24D2F3DC} = {ACA62BEB-F04D-4CF8-8CC3-C33716CA1D34}
		{4694F456-C0FB-4B3A-8039-3DF8509CF0FE} = {066AC5DA-E29E-4458-BD9E-F2C06DAACD4B}
		{69A49A26-C26C-4E21-B2E9-07B32AF3E614} = {066AC5DA-E29E-4458-BD9E-F2C06DAACD4B}
		{70D9BDEA-934E-4983-AD3B-03D58A1E1C61} = {066AC5DA-E29E-4458-BD9E-F2C06DAACD4B}
	EndGlobalSection
EndGlobal
