
Microsoft Visual Studio Solution File, Format Version 12.00
# Visual Studio 14
VisualStudioVersion = 14.0.25123.0
MinimumVisualStudioVersion = 10.0.40219.1
Project("{FAE04EC0-301F-11D3-BF4B-00C04F79EFBC}") = "Motor.ATP.300T.Test", "Src\Motor.ATP.300T.Test\Motor.ATP.300T.Test.csproj", "{0A8DB470-72EE-405B-A869-5B9B7554BFED}"
EndProject
Project("{FAE04EC0-301F-11D3-BF4B-00C04F79EFBC}") = "Motor.ATP.300T", "Src\Motor.ATP.300T.csproj", "{99AFCC1A-E523-4692-B9DD-1B6C97D07C81}"
EndProject
Global
	GlobalSection(SolutionConfigurationPlatforms) = preSolution
		Debug|x86 = Debug|x86
		Release|x86 = Release|x86
	EndGlobalSection
	GlobalSection(ProjectConfigurationPlatforms) = postSolution
		{0A8DB470-72EE-405B-A869-5B9B7554BFED}.Debug|x86.ActiveCfg = Debug|x86
		{0A8DB470-72EE-405B-A869-5B9B7554BFED}.Debug|x86.Build.0 = Debug|x86
		{0A8DB470-72EE-405B-A869-5B9B7554BFED}.Release|x86.ActiveCfg = Release|x86
		{0A8DB470-72EE-405B-A869-5B9B7554BFED}.Release|x86.Build.0 = Release|x86
		{99AFCC1A-E523-4692-B9DD-1B6C97D07C81}.Debug|x86.ActiveCfg = Debug|x86
		{99AFCC1A-E523-4692-B9DD-1B6C97D07C81}.Debug|x86.Build.0 = Debug|x86
		{99AFCC1A-E523-4692-B9DD-1B6C97D07C81}.Release|x86.ActiveCfg = Release|x86
		{99AFCC1A-E523-4692-B9DD-1B6C97D07C81}.Release|x86.Build.0 = Release|x86
	EndGlobalSection
	GlobalSection(SolutionProperties) = preSolution
		HideSolutionNode = FALSE
	EndGlobalSection
EndGlobal
