
Microsoft Visual Studio Solution File, Format Version 12.00
# Visual Studio 2013
VisualStudioVersion = 12.0.30501.0
MinimumVisualStudioVersion = 10.0.40219.1
Project("{FAE04EC0-301F-11D3-BF4B-00C04F79EFBC}") = "Motor.ATP.Domain.300D", "Src\Motor.ATP.Domain.300D\Motor.ATP.Domain.300D.csproj", "{3647DC48-D400-408A-A728-568E6C5E4366}"
EndProject
Project("{FAE04EC0-301F-11D3-BF4B-00C04F79EFBC}") = "Motor.ATP.Domain.Interface", "Src\Motor.ATP.Domain.Interface\Motor.ATP.Domain.Interface.csproj", "{6DD5C0AC-09A8-4283-8782-6E0D214C45F7}"
EndProject
Project("{FAE04EC0-301F-11D3-BF4B-00C04F79EFBC}") = "Motor.ATP.Domain.Model", "Src\Motor.ATP.Domain.Model\Motor.ATP.Domain.Model.csproj", "{91738F04-0820-46F9-B2B0-5BEDE15D22FB}"
EndProject
Project("{FAE04EC0-301F-11D3-BF4B-00C04F79EFBC}") = "Motor.ATP.300D", "Src\Motro.ATP.300D\Motor.ATP.300D.csproj", "{9703ABF8-8DC4-43A9-BCA9-C5D2000DB32B}"
EndProject
Global
	GlobalSection(SolutionConfigurationPlatforms) = preSolution
		Debug|x86 = Debug|x86
		Release|x86 = Release|x86
	EndGlobalSection
	GlobalSection(ProjectConfigurationPlatforms) = postSolution
		{3647DC48-D400-408A-A728-568E6C5E4366}.Debug|x86.ActiveCfg = Debug|x86
		{3647DC48-D400-408A-A728-568E6C5E4366}.Debug|x86.Build.0 = Debug|x86
		{3647DC48-D400-408A-A728-568E6C5E4366}.Release|x86.ActiveCfg = Release|x86
		{3647DC48-D400-408A-A728-568E6C5E4366}.Release|x86.Build.0 = Release|x86
		{6DD5C0AC-09A8-4283-8782-6E0D214C45F7}.Debug|x86.ActiveCfg = Debug|x86
		{6DD5C0AC-09A8-4283-8782-6E0D214C45F7}.Debug|x86.Build.0 = Debug|x86
		{6DD5C0AC-09A8-4283-8782-6E0D214C45F7}.Release|x86.ActiveCfg = Release|x86
		{6DD5C0AC-09A8-4283-8782-6E0D214C45F7}.Release|x86.Build.0 = Release|x86
		{91738F04-0820-46F9-B2B0-5BEDE15D22FB}.Debug|x86.ActiveCfg = Debug|x86
		{91738F04-0820-46F9-B2B0-5BEDE15D22FB}.Debug|x86.Build.0 = Debug|x86
		{91738F04-0820-46F9-B2B0-5BEDE15D22FB}.Release|x86.ActiveCfg = Release|x86
		{91738F04-0820-46F9-B2B0-5BEDE15D22FB}.Release|x86.Build.0 = Release|x86
		{9703ABF8-8DC4-43A9-BCA9-C5D2000DB32B}.Debug|x86.ActiveCfg = Debug|x86
		{9703ABF8-8DC4-43A9-BCA9-C5D2000DB32B}.Debug|x86.Build.0 = Debug|x86
		{9703ABF8-8DC4-43A9-BCA9-C5D2000DB32B}.Release|x86.ActiveCfg = Release|x86
		{9703ABF8-8DC4-43A9-BCA9-C5D2000DB32B}.Release|x86.Build.0 = Release|x86
	EndGlobalSection
	GlobalSection(SolutionProperties) = preSolution
		HideSolutionNode = FALSE
	EndGlobalSection
EndGlobal
