
Microsoft Visual Studio Solution File, Format Version 12.00
# Visual Studio 14
VisualStudioVersion = 14.0.25123.0
MinimumVisualStudioVersion = 10.0.40219.1
Project("{FAE04EC0-301F-11D3-BF4B-00C04F79EFBC}") = "YunDa.JC.MMI.Common", "Src\YunDa.JC.MMI.Common\YunDa.JC.MMI.Common.csproj", "{EB6B1EDB-EE3B-4EDC-B836-EDC9EA8ACC19}"
EndProject
Project("{FAE04EC0-301F-11D3-BF4B-00C04F79EFBC}") = "MyControls", "Src\MyControls\MyControls.csproj", "{3567EFD9-FC39-482C-9D83-616E7E427CDD}"
EndProject
Project("{FAE04EC0-301F-11D3-BF4B-00C04F79EFBC}") = "SH_Break", "Src\SH_Break\SH_Break.csproj", "{60A2095E-0EE3-4BB7-A923-0CEA4D727DED}"
EndProject
Project("{FAE04EC0-301F-11D3-BF4B-00C04F79EFBC}") = "SH_Reconnect", "Src\SH_Reconnect\SH_Reconnect.csproj", "{44CB4F1C-0728-4278-839F-FCDC2CF55849}"
EndProject
Project("{FAE04EC0-301F-11D3-BF4B-00C04F79EFBC}") = "ShenHuaHaoTMS", "Src\ShenHuaHaoTMS\ShenHuaHaoTMS.csproj", "{9C571877-AE5D-4F3E-A39C-23BCFA3AA5E0}"
EndProject
Project("{FAE04EC0-301F-11D3-BF4B-00C04F79EFBC}") = "CommonControls", "Src\CommonControls\CommonControls.csproj", "{18B1CCF5-CD4A-413F-9427-C9FFB4F9F6CD}"
EndProject
Global
	GlobalSection(SolutionConfigurationPlatforms) = preSolution
		Debug|Any CPU = Debug|Any CPU
		Debug|x86 = Debug|x86
		Release|Any CPU = Release|Any CPU
		Release|x86 = Release|x86
	EndGlobalSection
	GlobalSection(ProjectConfigurationPlatforms) = postSolution
		{EB6B1EDB-EE3B-4EDC-B836-EDC9EA8ACC19}.Debug|Any CPU.ActiveCfg = Debug|Any CPU
		{EB6B1EDB-EE3B-4EDC-B836-EDC9EA8ACC19}.Debug|Any CPU.Build.0 = Debug|Any CPU
		{EB6B1EDB-EE3B-4EDC-B836-EDC9EA8ACC19}.Debug|x86.ActiveCfg = Debug|x86
		{EB6B1EDB-EE3B-4EDC-B836-EDC9EA8ACC19}.Debug|x86.Build.0 = Debug|x86
		{EB6B1EDB-EE3B-4EDC-B836-EDC9EA8ACC19}.Release|Any CPU.ActiveCfg = Release|Any CPU
		{EB6B1EDB-EE3B-4EDC-B836-EDC9EA8ACC19}.Release|Any CPU.Build.0 = Release|Any CPU
		{EB6B1EDB-EE3B-4EDC-B836-EDC9EA8ACC19}.Release|x86.ActiveCfg = Release|x86
		{EB6B1EDB-EE3B-4EDC-B836-EDC9EA8ACC19}.Release|x86.Build.0 = Release|x86
		{3567EFD9-FC39-482C-9D83-616E7E427CDD}.Debug|Any CPU.ActiveCfg = Debug|Any CPU
		{3567EFD9-FC39-482C-9D83-616E7E427CDD}.Debug|Any CPU.Build.0 = Debug|Any CPU
		{3567EFD9-FC39-482C-9D83-616E7E427CDD}.Debug|x86.ActiveCfg = Debug|x86
		{3567EFD9-FC39-482C-9D83-616E7E427CDD}.Debug|x86.Build.0 = Debug|x86
		{3567EFD9-FC39-482C-9D83-616E7E427CDD}.Release|Any CPU.ActiveCfg = Release|Any CPU
		{3567EFD9-FC39-482C-9D83-616E7E427CDD}.Release|Any CPU.Build.0 = Release|Any CPU
		{3567EFD9-FC39-482C-9D83-616E7E427CDD}.Release|x86.ActiveCfg = Release|x86
		{3567EFD9-FC39-482C-9D83-616E7E427CDD}.Release|x86.Build.0 = Release|x86
		{60A2095E-0EE3-4BB7-A923-0CEA4D727DED}.Debug|Any CPU.ActiveCfg = Debug|Any CPU
		{60A2095E-0EE3-4BB7-A923-0CEA4D727DED}.Debug|Any CPU.Build.0 = Debug|Any CPU
		{60A2095E-0EE3-4BB7-A923-0CEA4D727DED}.Debug|x86.ActiveCfg = Debug|x86
		{60A2095E-0EE3-4BB7-A923-0CEA4D727DED}.Debug|x86.Build.0 = Debug|x86
		{60A2095E-0EE3-4BB7-A923-0CEA4D727DED}.Release|Any CPU.ActiveCfg = Release|Any CPU
		{60A2095E-0EE3-4BB7-A923-0CEA4D727DED}.Release|Any CPU.Build.0 = Release|Any CPU
		{60A2095E-0EE3-4BB7-A923-0CEA4D727DED}.Release|x86.ActiveCfg = Release|x86
		{60A2095E-0EE3-4BB7-A923-0CEA4D727DED}.Release|x86.Build.0 = Release|x86
		{44CB4F1C-0728-4278-839F-FCDC2CF55849}.Debug|Any CPU.ActiveCfg = Debug|Any CPU
		{44CB4F1C-0728-4278-839F-FCDC2CF55849}.Debug|Any CPU.Build.0 = Debug|Any CPU
		{44CB4F1C-0728-4278-839F-FCDC2CF55849}.Debug|x86.ActiveCfg = Debug|x86
		{44CB4F1C-0728-4278-839F-FCDC2CF55849}.Debug|x86.Build.0 = Debug|x86
		{44CB4F1C-0728-4278-839F-FCDC2CF55849}.Release|Any CPU.ActiveCfg = Release|Any CPU
		{44CB4F1C-0728-4278-839F-FCDC2CF55849}.Release|Any CPU.Build.0 = Release|Any CPU
		{44CB4F1C-0728-4278-839F-FCDC2CF55849}.Release|x86.ActiveCfg = Release|x86
		{44CB4F1C-0728-4278-839F-FCDC2CF55849}.Release|x86.Build.0 = Release|x86
		{9C571877-AE5D-4F3E-A39C-23BCFA3AA5E0}.Debug|Any CPU.ActiveCfg = Debug|Any CPU
		{9C571877-AE5D-4F3E-A39C-23BCFA3AA5E0}.Debug|Any CPU.Build.0 = Debug|Any CPU
		{9C571877-AE5D-4F3E-A39C-23BCFA3AA5E0}.Debug|x86.ActiveCfg = Debug|x86
		{9C571877-AE5D-4F3E-A39C-23BCFA3AA5E0}.Debug|x86.Build.0 = Debug|x86
		{9C571877-AE5D-4F3E-A39C-23BCFA3AA5E0}.Release|Any CPU.ActiveCfg = Release|Any CPU
		{9C571877-AE5D-4F3E-A39C-23BCFA3AA5E0}.Release|Any CPU.Build.0 = Release|Any CPU
		{9C571877-AE5D-4F3E-A39C-23BCFA3AA5E0}.Release|x86.ActiveCfg = Release|x86
		{9C571877-AE5D-4F3E-A39C-23BCFA3AA5E0}.Release|x86.Build.0 = Release|x86
		{18B1CCF5-CD4A-413F-9427-C9FFB4F9F6CD}.Debug|Any CPU.ActiveCfg = Debug|Any CPU
		{18B1CCF5-CD4A-413F-9427-C9FFB4F9F6CD}.Debug|Any CPU.Build.0 = Debug|Any CPU
		{18B1CCF5-CD4A-413F-9427-C9FFB4F9F6CD}.Debug|x86.ActiveCfg = Debug|x86
		{18B1CCF5-CD4A-413F-9427-C9FFB4F9F6CD}.Debug|x86.Build.0 = Debug|x86
		{18B1CCF5-CD4A-413F-9427-C9FFB4F9F6CD}.Release|Any CPU.ActiveCfg = Release|Any CPU
		{18B1CCF5-CD4A-413F-9427-C9FFB4F9F6CD}.Release|Any CPU.Build.0 = Release|Any CPU
		{18B1CCF5-CD4A-413F-9427-C9FFB4F9F6CD}.Release|x86.ActiveCfg = Release|x86
		{18B1CCF5-CD4A-413F-9427-C9FFB4F9F6CD}.Release|x86.Build.0 = Release|x86
	EndGlobalSection
	GlobalSection(SolutionProperties) = preSolution
		HideSolutionNode = FALSE
	EndGlobalSection
EndGlobal
