
Microsoft Visual Studio Solution File, Format Version 12.00
# Visual Studio 14
VisualStudioVersion = 14.0.25123.0
MinimumVisualStudioVersion = 10.0.40219.1
Project("{FAE04EC0-301F-11D3-BF4B-00C04F79EFBC}") = "Engine.6A", "Src\Engine.6A\Engine.6A.csproj", "{6380F8CA-ED0A-4BD7-9C77-5A3E8EA7C5A0}"
EndProject
Global
	GlobalSection(SolutionConfigurationPlatforms) = preSolution
		Debug|x86 = Debug|x86
		Release|x86 = Release|x86
	EndGlobalSection
	GlobalSection(ProjectConfigurationPlatforms) = postSolution
		{6380F8CA-ED0A-4BD7-9C77-5A3E8EA7C5A0}.Debug|x86.ActiveCfg = Debug|x86
		{6380F8CA-ED0A-4BD7-9C77-5A3E8EA7C5A0}.Debug|x86.Build.0 = Debug|x86
		{6380F8CA-ED0A-4BD7-9C77-5A3E8EA7C5A0}.Release|x86.ActiveCfg = Release|x86
		{6380F8CA-ED0A-4BD7-9C77-5A3E8EA7C5A0}.Release|x86.Build.0 = Release|x86
	EndGlobalSection
	GlobalSection(SolutionProperties) = preSolution
		HideSolutionNode = FALSE
	EndGlobalSection
EndGlobal
