
Microsoft Visual Studio Solution File, Format Version 12.00
# Visual Studio 15
VisualStudioVersion = 15.0.26403.7
MinimumVisualStudioVersion = 10.0.40219.1
Project("{FAE04EC0-301F-11D3-BF4B-00C04F79EFBC}") = "Tram.CBTC.Infrasturcture", "Src\Tram.CBTC.Infrasturcture\Tram.CBTC.Infrasturcture.csproj", "{665E19AB-2B49-4F84-BD3D-C38950653242}"
EndProject
Project("{2150E333-8FDC-42A3-9474-1A3956D46DE8}") = "Infrasturcture", "Infrasturcture", "{78E903AB-DCA0-461D-9603-15307CEF019E}"
EndProject
Project("{2150E333-8FDC-42A3-9474-1A3956D46DE8}") = "DataAdapter", "DataAdapter", "{C3F50E74-2BD7-4635-9971-F108B829FBD9}"
EndProject
Project("{FAE04EC0-301F-11D3-BF4B-00C04F79EFBC}") = "Tram.CBTC.DataAdapter", "Src\Tram.CBTC.DataAdapter\Tram.CBTC.DataAdapter\Tram.CBTC.DataAdapter.csproj", "{B14ACCD1-E34F-4BA0-8ED8-CF502D3C0ADD}"
EndProject
Project("{2150E333-8FDC-42A3-9474-1A3956D46DE8}") = "Views", "Views", "{F1287AD6-6950-4D4F-86B1-9B745F0910A5}"
EndProject
Project("{FAE04EC0-301F-11D3-BF4B-00C04F79EFBC}") = "Tram.CBTC.Casco", "Src\Tram.CBTC.View\Tram.CBTC.Casco\Tram.CBTC.Casco.csproj", "{0F3F3854-83F9-4DFB-A282-A22FA9CCD865}"
EndProject
Project("{FAE04EC0-301F-11D3-BF4B-00C04F79EFBC}") = "Tram.CBTC.NRIET", "Src\Tram.CBTC.View\Tram.CBTC.NRIET\Tram.CBTC.NRIET.csproj", "{CAE17752-3CC6-4DE4-AD0D-CF73E561B1D2}"
EndProject
Global
	GlobalSection(SolutionConfigurationPlatforms) = preSolution
		Debug|Any CPU = Debug|Any CPU
		Debug|x86 = Debug|x86
		Release|Any CPU = Release|Any CPU
		Release|x86 = Release|x86
	EndGlobalSection
	GlobalSection(ProjectConfigurationPlatforms) = postSolution
		{665E19AB-2B49-4F84-BD3D-C38950653242}.Debug|Any CPU.ActiveCfg = Debug|Any CPU
		{665E19AB-2B49-4F84-BD3D-C38950653242}.Debug|Any CPU.Build.0 = Debug|Any CPU
		{665E19AB-2B49-4F84-BD3D-C38950653242}.Debug|x86.ActiveCfg = Debug|x86
		{665E19AB-2B49-4F84-BD3D-C38950653242}.Debug|x86.Build.0 = Debug|x86
		{665E19AB-2B49-4F84-BD3D-C38950653242}.Release|Any CPU.ActiveCfg = Release|Any CPU
		{665E19AB-2B49-4F84-BD3D-C38950653242}.Release|Any CPU.Build.0 = Release|Any CPU
		{665E19AB-2B49-4F84-BD3D-C38950653242}.Release|x86.ActiveCfg = Release|x86
		{665E19AB-2B49-4F84-BD3D-C38950653242}.Release|x86.Build.0 = Release|x86
		{B14ACCD1-E34F-4BA0-8ED8-CF502D3C0ADD}.Debug|Any CPU.ActiveCfg = Debug|Any CPU
		{B14ACCD1-E34F-4BA0-8ED8-CF502D3C0ADD}.Debug|Any CPU.Build.0 = Debug|Any CPU
		{B14ACCD1-E34F-4BA0-8ED8-CF502D3C0ADD}.Debug|x86.ActiveCfg = Debug|x86
		{B14ACCD1-E34F-4BA0-8ED8-CF502D3C0ADD}.Debug|x86.Build.0 = Debug|x86
		{B14ACCD1-E34F-4BA0-8ED8-CF502D3C0ADD}.Release|Any CPU.ActiveCfg = Release|Any CPU
		{B14ACCD1-E34F-4BA0-8ED8-CF502D3C0ADD}.Release|Any CPU.Build.0 = Release|Any CPU
		{B14ACCD1-E34F-4BA0-8ED8-CF502D3C0ADD}.Release|x86.ActiveCfg = Release|x86
		{B14ACCD1-E34F-4BA0-8ED8-CF502D3C0ADD}.Release|x86.Build.0 = Release|x86
		{0F3F3854-83F9-4DFB-A282-A22FA9CCD865}.Debug|Any CPU.ActiveCfg = Debug|Any CPU
		{0F3F3854-83F9-4DFB-A282-A22FA9CCD865}.Debug|Any CPU.Build.0 = Debug|Any CPU
		{0F3F3854-83F9-4DFB-A282-A22FA9CCD865}.Debug|x86.ActiveCfg = Debug|x86
		{0F3F3854-83F9-4DFB-A282-A22FA9CCD865}.Debug|x86.Build.0 = Debug|x86
		{0F3F3854-83F9-4DFB-A282-A22FA9CCD865}.Release|Any CPU.ActiveCfg = Release|Any CPU
		{0F3F3854-83F9-4DFB-A282-A22FA9CCD865}.Release|Any CPU.Build.0 = Release|Any CPU
		{0F3F3854-83F9-4DFB-A282-A22FA9CCD865}.Release|x86.ActiveCfg = Release|x86
		{0F3F3854-83F9-4DFB-A282-A22FA9CCD865}.Release|x86.Build.0 = Release|x86
		{CAE17752-3CC6-4DE4-AD0D-CF73E561B1D2}.Debug|Any CPU.ActiveCfg = Debug|Any CPU
		{CAE17752-3CC6-4DE4-AD0D-CF73E561B1D2}.Debug|Any CPU.Build.0 = Debug|Any CPU
		{CAE17752-3CC6-4DE4-AD0D-CF73E561B1D2}.Debug|x86.ActiveCfg = Debug|x86
		{CAE17752-3CC6-4DE4-AD0D-CF73E561B1D2}.Debug|x86.Build.0 = Debug|x86
		{CAE17752-3CC6-4DE4-AD0D-CF73E561B1D2}.Release|Any CPU.ActiveCfg = Release|Any CPU
		{CAE17752-3CC6-4DE4-AD0D-CF73E561B1D2}.Release|Any CPU.Build.0 = Release|Any CPU
		{CAE17752-3CC6-4DE4-AD0D-CF73E561B1D2}.Release|x86.ActiveCfg = Release|x86
		{CAE17752-3CC6-4DE4-AD0D-CF73E561B1D2}.Release|x86.Build.0 = Release|x86
	EndGlobalSection
	GlobalSection(SolutionProperties) = preSolution
		HideSolutionNode = FALSE
	EndGlobalSection
	GlobalSection(NestedProjects) = preSolution
		{665E19AB-2B49-4F84-BD3D-C38950653242} = {78E903AB-DCA0-461D-9603-15307CEF019E}
		{B14ACCD1-E34F-4BA0-8ED8-CF502D3C0ADD} = {C3F50E74-2BD7-4635-9971-F108B829FBD9}
		{0F3F3854-83F9-4DFB-A282-A22FA9CCD865} = {F1287AD6-6950-4D4F-86B1-9B745F0910A5}
		{CAE17752-3CC6-4DE4-AD0D-CF73E561B1D2} = {F1287AD6-6950-4D4F-86B1-9B745F0910A5}
	EndGlobalSection
EndGlobal
